
Microsoft Visual Studio Solution File, Format Version 12.00
# Visual Studio 14
VisualStudioVersion = 14.0.25420.1
MinimumVisualStudioVersion = 10.0.40219.1
Project("{FAE04EC0-301F-11D3-BF4B-00C04F79EFBC}") = "ReactiveBluetooth.Core", "ReactiveBluetooth.Core\ReactiveBluetooth.Core.csproj", "{67F9D3A8-F71E-4428-913F-C37AE82CDB24}"
EndProject
Project("{FAE04EC0-301F-11D3-BF4B-00C04F79EFBC}") = "ReactiveBluetooth.Android", "ReactiveBluetooth.Android\ReactiveBluetooth.Android.csproj", "{193F5362-FF71-4B5E-BE48-B577A0197F57}"
EndProject
Project("{FAE04EC0-301F-11D3-BF4B-00C04F79EFBC}") = "ReactiveBluetooth.iOS", "ReactiveBluetooth.iOS\ReactiveBluetooth.iOS.csproj", "{7505D92F-2F85-4792-B31C-A96D7CB1DB6C}"
EndProject
Project("{2150E333-8FDC-42A3-9474-1A3956D46DE8}") = "UnitTests", "UnitTests", "{DAA78C8E-178F-45E3-B015-FF564FDDBA3E}"
EndProject
Project("{2150E333-8FDC-42A3-9474-1A3956D46DE8}") = "IntegartionTests", "IntegartionTests", "{BAF8C038-7CBF-4B02-BFEC-62FC70ACCA58}"
EndProject
Project("{FAE04EC0-301F-11D3-BF4B-00C04F79EFBC}") = "ReactiveBluetooth.Shared.IntegrationsTests", "IntegrationsTests\ReactiveBluetooth.Shared.IntegrationsTests\ReactiveBluetooth.Shared.IntegrationsTests.csproj", "{8EDF4429-251A-416D-BB68-93F227191BCF}"
EndProject
Project("{2150E333-8FDC-42A3-9474-1A3956D46DE8}") = "Central", "Central", "{4BB82737-94D8-4DDF-AFE9-6529E13F9C06}"
EndProject
Project("{2150E333-8FDC-42A3-9474-1A3956D46DE8}") = "Peripheral", "Peripheral", "{3F2FDA19-FF86-4DAA-9BE0-1A5027D29AD7}"
EndProject
Project("{FAE04EC0-301F-11D3-BF4B-00C04F79EFBC}") = "ReactiveBluetooth.Central.iOS.IntegrationTests", "IntegrationsTests\ReactiveBluetooth.Central.iOS.IntegrationsTests\ReactiveBluetooth.Central.iOS.IntegrationTests.csproj", "{D2CED8F0-7A76-454D-B5F7-9E8B9FE6A58E}"
EndProject
Project("{FAE04EC0-301F-11D3-BF4B-00C04F79EFBC}") = "ReactiveBluetooth.Central.Android.IntegrationsTests", "IntegrationsTests\ReactiveBluetooth.Central.Android.IntegrationsTests\ReactiveBluetooth.Central.Android.IntegrationsTests.csproj", "{AD7B78B0-AE51-4FB7-9B11-4E22A2B538CA}"
EndProject
Project("{FAE04EC0-301F-11D3-BF4B-00C04F79EFBC}") = "ReactiveBluetooth.Peripheral.Android.IntegrationsTests", "IntegrationsTests\ReactiveBluetooth.Peripheral.Android.IntegrationsTests\ReactiveBluetooth.Peripheral.Android.IntegrationsTests.csproj", "{D679DB2A-6F09-4161-B3CC-A7C153A2302A}"
EndProject
Project("{FAE04EC0-301F-11D3-BF4B-00C04F79EFBC}") = "ReactiveBluetooth.Peripheral.iOS.IntegrationsTests", "IntegrationsTests\ReactiveBluetooth.Peripheral.iOS.IntegrationsTests\ReactiveBluetooth.Peripheral.iOS.IntegrationsTests.csproj", "{FEF9315B-C134-4B2D-BA73-6F7EC06E54BC}"
EndProject
Project("{2150E333-8FDC-42A3-9474-1A3956D46DE8}") = "Issues", "Issues", "{86003648-A38F-4406-B897-14004042C641}"
EndProject
Project("{FAE04EC0-301F-11D3-BF4B-00C04F79EFBC}") = "Issue_14", "Issue_14\Issue_14.csproj", "{60BE541D-2DF8-4DCD-8C84-2D8ED1E1AEC7}"
EndProject
Project("{2150E333-8FDC-42A3-9474-1A3956D46DE8}") = "Demo", "Demo", "{0C38BE82-8A30-4DB0-9D94-E96A069A6174}"
EndProject
Project("{FAE04EC0-301F-11D3-BF4B-00C04F79EFBC}") = "Demo", "Demo\Demo\Demo.csproj", "{DE0D253C-4840-4B5D-BC6A-BF77A4C5A31E}"
EndProject
Project("{FAE04EC0-301F-11D3-BF4B-00C04F79EFBC}") = "Demo.Droid", "Demo\Demo.Droid\Demo.Droid.csproj", "{4598D4C6-B14D-4BC7-8D19-EE3CD6D83ECF}"
EndProject
Project("{FAE04EC0-301F-11D3-BF4B-00C04F79EFBC}") = "Demo.iOS", "Demo\Demo.iOS\Demo.iOS.csproj", "{BFF54B39-3F5B-4D61-96CB-966EB47F862E}"
EndProject
Project("{FAE04EC0-301F-11D3-BF4B-00C04F79EFBC}") = "Demo.UWP", "Demo\Demo.UWP\Demo.UWP.csproj", "{680D8FD8-2CD3-43FB-A656-A293D52D237D}"
EndProject
Project("{2150E333-8FDC-42A3-9474-1A3956D46DE8}") = "PCL", "PCL", "{ABAC0B43-8EB6-4017-A302-F7B7115888D6}"
EndProject
Project("{2150E333-8FDC-42A3-9474-1A3956D46DE8}") = "Demo", "Demo", "{19909CEB-CD42-4FB8-8CD8-1FF70A938533}"
EndProject
Project("{2150E333-8FDC-42A3-9474-1A3956D46DE8}") = "ReactiveBluetooth", "ReactiveBluetooth", "{B866DAB3-F1FE-4CB3-9ACC-DE4FBB866CF9}"
EndProject
Project("{FAE04EC0-301F-11D3-BF4B-00C04F79EFBC}") = "Demo.PCL", "PCL\Demo\Demo\Demo.PCL.csproj", "{EE2C329D-7454-433D-94B5-A7A40FED83BD}"
EndProject
Project("{FAE04EC0-301F-11D3-BF4B-00C04F79EFBC}") = "Demo.PCL.Droid", "PCL\Demo\Demo.Droid\Demo.PCL.Droid.csproj", "{3F8E9301-E27F-4E58-AA15-8B5329339C2E}"
EndProject
Project("{FAE04EC0-301F-11D3-BF4B-00C04F79EFBC}") = "Demo.PCL.iOS", "PCL\Demo\Demo.iOS\Demo.PCL.iOS.csproj", "{5277ED54-2561-4A12-9B12-3EB2A7C26E41}"
EndProject
Project("{FAE04EC0-301F-11D3-BF4B-00C04F79EFBC}") = "Demo.PCL.UWP", "PCL\Demo\Demo.UWP\Demo.PCL.UWP.csproj", "{6956A6C4-C357-4955-8949-9DEFD3A6496B}"
EndProject
Project("{FAE04EC0-301F-11D3-BF4B-00C04F79EFBC}") = "ReactiveBluetooth.Core", "PCL\ReactiveBluetooth\ReactiveBluetooth.Core\ReactiveBluetooth.Core.csproj", "{43C7A016-7616-407E-92BA-662E2CDE505C}"
EndProject
Project("{FAE04EC0-301F-11D3-BF4B-00C04F79EFBC}") = "ReactiveBluetooth.iOS", "PCL\ReactiveBluetooth\ReactiveBluetooth.iOS\ReactiveBluetooth.iOS.csproj", "{65BA3B71-D62D-4D05-B29A-7B8981A2AEF0}"
EndProject
Project("{FAE04EC0-301F-11D3-BF4B-00C04F79EFBC}") = "ReactiveBluetooth.Android", "PCL\ReactiveBluetooth\ReactiveBluetooth.Android\ReactiveBluetooth.Android.csproj", "{2029B98C-D0CE-40E2-97A9-9826F8B8E33F}"
EndProject
Global
	GlobalSection(SolutionConfigurationPlatforms) = preSolution
		Ad-Hoc|Any CPU = Ad-Hoc|Any CPU
		Ad-Hoc|ARM = Ad-Hoc|ARM
		Ad-Hoc|iPhone = Ad-Hoc|iPhone
		Ad-Hoc|iPhoneSimulator = Ad-Hoc|iPhoneSimulator
		Ad-Hoc|x64 = Ad-Hoc|x64
		Ad-Hoc|x86 = Ad-Hoc|x86
		AppStore|Any CPU = AppStore|Any CPU
		AppStore|ARM = AppStore|ARM
		AppStore|iPhone = AppStore|iPhone
		AppStore|iPhoneSimulator = AppStore|iPhoneSimulator
		AppStore|x64 = AppStore|x64
		AppStore|x86 = AppStore|x86
		Debug|Any CPU = Debug|Any CPU
		Debug|ARM = Debug|ARM
		Debug|iPhone = Debug|iPhone
		Debug|iPhoneSimulator = Debug|iPhoneSimulator
		Debug|x64 = Debug|x64
		Debug|x86 = Debug|x86
		Release|Any CPU = Release|Any CPU
		Release|ARM = Release|ARM
		Release|iPhone = Release|iPhone
		Release|iPhoneSimulator = Release|iPhoneSimulator
		Release|x64 = Release|x64
		Release|x86 = Release|x86
	EndGlobalSection
	GlobalSection(ProjectConfigurationPlatforms) = postSolution
		{67F9D3A8-F71E-4428-913F-C37AE82CDB24}.Ad-Hoc|Any CPU.ActiveCfg = Release|Any CPU
		{67F9D3A8-F71E-4428-913F-C37AE82CDB24}.Ad-Hoc|Any CPU.Build.0 = Release|Any CPU
		{67F9D3A8-F71E-4428-913F-C37AE82CDB24}.Ad-Hoc|ARM.ActiveCfg = Debug|Any CPU
		{67F9D3A8-F71E-4428-913F-C37AE82CDB24}.Ad-Hoc|ARM.Build.0 = Debug|Any CPU
		{67F9D3A8-F71E-4428-913F-C37AE82CDB24}.Ad-Hoc|iPhone.ActiveCfg = Release|Any CPU
		{67F9D3A8-F71E-4428-913F-C37AE82CDB24}.Ad-Hoc|iPhone.Build.0 = Release|Any CPU
		{67F9D3A8-F71E-4428-913F-C37AE82CDB24}.Ad-Hoc|iPhoneSimulator.ActiveCfg = Release|Any CPU
		{67F9D3A8-F71E-4428-913F-C37AE82CDB24}.Ad-Hoc|iPhoneSimulator.Build.0 = Release|Any CPU
		{67F9D3A8-F71E-4428-913F-C37AE82CDB24}.Ad-Hoc|x64.ActiveCfg = Debug|Any CPU
		{67F9D3A8-F71E-4428-913F-C37AE82CDB24}.Ad-Hoc|x64.Build.0 = Debug|Any CPU
		{67F9D3A8-F71E-4428-913F-C37AE82CDB24}.Ad-Hoc|x86.ActiveCfg = Debug|Any CPU
		{67F9D3A8-F71E-4428-913F-C37AE82CDB24}.Ad-Hoc|x86.Build.0 = Debug|Any CPU
		{67F9D3A8-F71E-4428-913F-C37AE82CDB24}.AppStore|Any CPU.ActiveCfg = Release|Any CPU
		{67F9D3A8-F71E-4428-913F-C37AE82CDB24}.AppStore|Any CPU.Build.0 = Release|Any CPU
		{67F9D3A8-F71E-4428-913F-C37AE82CDB24}.AppStore|ARM.ActiveCfg = Debug|Any CPU
		{67F9D3A8-F71E-4428-913F-C37AE82CDB24}.AppStore|ARM.Build.0 = Debug|Any CPU
		{67F9D3A8-F71E-4428-913F-C37AE82CDB24}.AppStore|iPhone.ActiveCfg = Release|Any CPU
		{67F9D3A8-F71E-4428-913F-C37AE82CDB24}.AppStore|iPhone.Build.0 = Release|Any CPU
		{67F9D3A8-F71E-4428-913F-C37AE82CDB24}.AppStore|iPhoneSimulator.ActiveCfg = Release|Any CPU
		{67F9D3A8-F71E-4428-913F-C37AE82CDB24}.AppStore|iPhoneSimulator.Build.0 = Release|Any CPU
		{67F9D3A8-F71E-4428-913F-C37AE82CDB24}.AppStore|x64.ActiveCfg = Debug|Any CPU
		{67F9D3A8-F71E-4428-913F-C37AE82CDB24}.AppStore|x64.Build.0 = Debug|Any CPU
		{67F9D3A8-F71E-4428-913F-C37AE82CDB24}.AppStore|x86.ActiveCfg = Debug|Any CPU
		{67F9D3A8-F71E-4428-913F-C37AE82CDB24}.AppStore|x86.Build.0 = Debug|Any CPU
		{67F9D3A8-F71E-4428-913F-C37AE82CDB24}.Debug|Any CPU.ActiveCfg = Debug|Any CPU
		{67F9D3A8-F71E-4428-913F-C37AE82CDB24}.Debug|Any CPU.Build.0 = Debug|Any CPU
		{67F9D3A8-F71E-4428-913F-C37AE82CDB24}.Debug|ARM.ActiveCfg = Debug|Any CPU
		{67F9D3A8-F71E-4428-913F-C37AE82CDB24}.Debug|ARM.Build.0 = Debug|Any CPU
		{67F9D3A8-F71E-4428-913F-C37AE82CDB24}.Debug|iPhone.ActiveCfg = Debug|Any CPU
		{67F9D3A8-F71E-4428-913F-C37AE82CDB24}.Debug|iPhone.Build.0 = Debug|Any CPU
		{67F9D3A8-F71E-4428-913F-C37AE82CDB24}.Debug|iPhoneSimulator.ActiveCfg = Debug|Any CPU
		{67F9D3A8-F71E-4428-913F-C37AE82CDB24}.Debug|iPhoneSimulator.Build.0 = Debug|Any CPU
		{67F9D3A8-F71E-4428-913F-C37AE82CDB24}.Debug|x64.ActiveCfg = Debug|Any CPU
		{67F9D3A8-F71E-4428-913F-C37AE82CDB24}.Debug|x64.Build.0 = Debug|Any CPU
		{67F9D3A8-F71E-4428-913F-C37AE82CDB24}.Debug|x86.ActiveCfg = Debug|Any CPU
		{67F9D3A8-F71E-4428-913F-C37AE82CDB24}.Debug|x86.Build.0 = Debug|Any CPU
		{67F9D3A8-F71E-4428-913F-C37AE82CDB24}.Release|Any CPU.ActiveCfg = Release|Any CPU
		{67F9D3A8-F71E-4428-913F-C37AE82CDB24}.Release|Any CPU.Build.0 = Release|Any CPU
		{67F9D3A8-F71E-4428-913F-C37AE82CDB24}.Release|ARM.ActiveCfg = Release|Any CPU
		{67F9D3A8-F71E-4428-913F-C37AE82CDB24}.Release|ARM.Build.0 = Release|Any CPU
		{67F9D3A8-F71E-4428-913F-C37AE82CDB24}.Release|iPhone.ActiveCfg = Release|Any CPU
		{67F9D3A8-F71E-4428-913F-C37AE82CDB24}.Release|iPhone.Build.0 = Release|Any CPU
		{67F9D3A8-F71E-4428-913F-C37AE82CDB24}.Release|iPhoneSimulator.ActiveCfg = Release|Any CPU
		{67F9D3A8-F71E-4428-913F-C37AE82CDB24}.Release|iPhoneSimulator.Build.0 = Release|Any CPU
		{67F9D3A8-F71E-4428-913F-C37AE82CDB24}.Release|x64.ActiveCfg = Release|Any CPU
		{67F9D3A8-F71E-4428-913F-C37AE82CDB24}.Release|x64.Build.0 = Release|Any CPU
		{67F9D3A8-F71E-4428-913F-C37AE82CDB24}.Release|x86.ActiveCfg = Release|Any CPU
		{67F9D3A8-F71E-4428-913F-C37AE82CDB24}.Release|x86.Build.0 = Release|Any CPU
		{193F5362-FF71-4B5E-BE48-B577A0197F57}.Ad-Hoc|Any CPU.ActiveCfg = Release|Any CPU
		{193F5362-FF71-4B5E-BE48-B577A0197F57}.Ad-Hoc|Any CPU.Build.0 = Release|Any CPU
		{193F5362-FF71-4B5E-BE48-B577A0197F57}.Ad-Hoc|ARM.ActiveCfg = Debug|Any CPU
		{193F5362-FF71-4B5E-BE48-B577A0197F57}.Ad-Hoc|ARM.Build.0 = Debug|Any CPU
		{193F5362-FF71-4B5E-BE48-B577A0197F57}.Ad-Hoc|iPhone.ActiveCfg = Release|Any CPU
		{193F5362-FF71-4B5E-BE48-B577A0197F57}.Ad-Hoc|iPhone.Build.0 = Release|Any CPU
		{193F5362-FF71-4B5E-BE48-B577A0197F57}.Ad-Hoc|iPhoneSimulator.ActiveCfg = Release|Any CPU
		{193F5362-FF71-4B5E-BE48-B577A0197F57}.Ad-Hoc|iPhoneSimulator.Build.0 = Release|Any CPU
		{193F5362-FF71-4B5E-BE48-B577A0197F57}.Ad-Hoc|x64.ActiveCfg = Debug|Any CPU
		{193F5362-FF71-4B5E-BE48-B577A0197F57}.Ad-Hoc|x64.Build.0 = Debug|Any CPU
		{193F5362-FF71-4B5E-BE48-B577A0197F57}.Ad-Hoc|x86.ActiveCfg = Debug|Any CPU
		{193F5362-FF71-4B5E-BE48-B577A0197F57}.Ad-Hoc|x86.Build.0 = Debug|Any CPU
		{193F5362-FF71-4B5E-BE48-B577A0197F57}.AppStore|Any CPU.ActiveCfg = Release|Any CPU
		{193F5362-FF71-4B5E-BE48-B577A0197F57}.AppStore|Any CPU.Build.0 = Release|Any CPU
		{193F5362-FF71-4B5E-BE48-B577A0197F57}.AppStore|ARM.ActiveCfg = Debug|Any CPU
		{193F5362-FF71-4B5E-BE48-B577A0197F57}.AppStore|ARM.Build.0 = Debug|Any CPU
		{193F5362-FF71-4B5E-BE48-B577A0197F57}.AppStore|iPhone.ActiveCfg = Release|Any CPU
		{193F5362-FF71-4B5E-BE48-B577A0197F57}.AppStore|iPhone.Build.0 = Release|Any CPU
		{193F5362-FF71-4B5E-BE48-B577A0197F57}.AppStore|iPhoneSimulator.ActiveCfg = Release|Any CPU
		{193F5362-FF71-4B5E-BE48-B577A0197F57}.AppStore|iPhoneSimulator.Build.0 = Release|Any CPU
		{193F5362-FF71-4B5E-BE48-B577A0197F57}.AppStore|x64.ActiveCfg = Debug|Any CPU
		{193F5362-FF71-4B5E-BE48-B577A0197F57}.AppStore|x64.Build.0 = Debug|Any CPU
		{193F5362-FF71-4B5E-BE48-B577A0197F57}.AppStore|x86.ActiveCfg = Debug|Any CPU
		{193F5362-FF71-4B5E-BE48-B577A0197F57}.AppStore|x86.Build.0 = Debug|Any CPU
		{193F5362-FF71-4B5E-BE48-B577A0197F57}.Debug|Any CPU.ActiveCfg = Debug|Any CPU
		{193F5362-FF71-4B5E-BE48-B577A0197F57}.Debug|Any CPU.Build.0 = Debug|Any CPU
		{193F5362-FF71-4B5E-BE48-B577A0197F57}.Debug|ARM.ActiveCfg = Debug|Any CPU
		{193F5362-FF71-4B5E-BE48-B577A0197F57}.Debug|ARM.Build.0 = Debug|Any CPU
		{193F5362-FF71-4B5E-BE48-B577A0197F57}.Debug|iPhone.ActiveCfg = Debug|Any CPU
		{193F5362-FF71-4B5E-BE48-B577A0197F57}.Debug|iPhone.Build.0 = Debug|Any CPU
		{193F5362-FF71-4B5E-BE48-B577A0197F57}.Debug|iPhoneSimulator.ActiveCfg = Debug|Any CPU
		{193F5362-FF71-4B5E-BE48-B577A0197F57}.Debug|iPhoneSimulator.Build.0 = Debug|Any CPU
		{193F5362-FF71-4B5E-BE48-B577A0197F57}.Debug|x64.ActiveCfg = Debug|Any CPU
		{193F5362-FF71-4B5E-BE48-B577A0197F57}.Debug|x64.Build.0 = Debug|Any CPU
		{193F5362-FF71-4B5E-BE48-B577A0197F57}.Debug|x86.ActiveCfg = Debug|Any CPU
		{193F5362-FF71-4B5E-BE48-B577A0197F57}.Debug|x86.Build.0 = Debug|Any CPU
		{193F5362-FF71-4B5E-BE48-B577A0197F57}.Release|Any CPU.ActiveCfg = Release|Any CPU
		{193F5362-FF71-4B5E-BE48-B577A0197F57}.Release|Any CPU.Build.0 = Release|Any CPU
		{193F5362-FF71-4B5E-BE48-B577A0197F57}.Release|ARM.ActiveCfg = Release|Any CPU
		{193F5362-FF71-4B5E-BE48-B577A0197F57}.Release|ARM.Build.0 = Release|Any CPU
		{193F5362-FF71-4B5E-BE48-B577A0197F57}.Release|iPhone.ActiveCfg = Release|Any CPU
		{193F5362-FF71-4B5E-BE48-B577A0197F57}.Release|iPhone.Build.0 = Release|Any CPU
		{193F5362-FF71-4B5E-BE48-B577A0197F57}.Release|iPhoneSimulator.ActiveCfg = Release|Any CPU
		{193F5362-FF71-4B5E-BE48-B577A0197F57}.Release|iPhoneSimulator.Build.0 = Release|Any CPU
		{193F5362-FF71-4B5E-BE48-B577A0197F57}.Release|x64.ActiveCfg = Release|Any CPU
		{193F5362-FF71-4B5E-BE48-B577A0197F57}.Release|x64.Build.0 = Release|Any CPU
		{193F5362-FF71-4B5E-BE48-B577A0197F57}.Release|x86.ActiveCfg = Release|Any CPU
		{193F5362-FF71-4B5E-BE48-B577A0197F57}.Release|x86.Build.0 = Release|Any CPU
		{7505D92F-2F85-4792-B31C-A96D7CB1DB6C}.Ad-Hoc|Any CPU.ActiveCfg = Release|Any CPU
		{7505D92F-2F85-4792-B31C-A96D7CB1DB6C}.Ad-Hoc|Any CPU.Build.0 = Release|Any CPU
		{7505D92F-2F85-4792-B31C-A96D7CB1DB6C}.Ad-Hoc|ARM.ActiveCfg = Debug|Any CPU
		{7505D92F-2F85-4792-B31C-A96D7CB1DB6C}.Ad-Hoc|ARM.Build.0 = Debug|Any CPU
		{7505D92F-2F85-4792-B31C-A96D7CB1DB6C}.Ad-Hoc|iPhone.ActiveCfg = Release|Any CPU
		{7505D92F-2F85-4792-B31C-A96D7CB1DB6C}.Ad-Hoc|iPhone.Build.0 = Release|Any CPU
		{7505D92F-2F85-4792-B31C-A96D7CB1DB6C}.Ad-Hoc|iPhoneSimulator.ActiveCfg = Release|Any CPU
		{7505D92F-2F85-4792-B31C-A96D7CB1DB6C}.Ad-Hoc|iPhoneSimulator.Build.0 = Release|Any CPU
		{7505D92F-2F85-4792-B31C-A96D7CB1DB6C}.Ad-Hoc|x64.ActiveCfg = Debug|Any CPU
		{7505D92F-2F85-4792-B31C-A96D7CB1DB6C}.Ad-Hoc|x64.Build.0 = Debug|Any CPU
		{7505D92F-2F85-4792-B31C-A96D7CB1DB6C}.Ad-Hoc|x86.ActiveCfg = Debug|Any CPU
		{7505D92F-2F85-4792-B31C-A96D7CB1DB6C}.Ad-Hoc|x86.Build.0 = Debug|Any CPU
		{7505D92F-2F85-4792-B31C-A96D7CB1DB6C}.AppStore|Any CPU.ActiveCfg = Release|Any CPU
		{7505D92F-2F85-4792-B31C-A96D7CB1DB6C}.AppStore|Any CPU.Build.0 = Release|Any CPU
		{7505D92F-2F85-4792-B31C-A96D7CB1DB6C}.AppStore|ARM.ActiveCfg = Debug|Any CPU
		{7505D92F-2F85-4792-B31C-A96D7CB1DB6C}.AppStore|ARM.Build.0 = Debug|Any CPU
		{7505D92F-2F85-4792-B31C-A96D7CB1DB6C}.AppStore|iPhone.ActiveCfg = Release|Any CPU
		{7505D92F-2F85-4792-B31C-A96D7CB1DB6C}.AppStore|iPhone.Build.0 = Release|Any CPU
		{7505D92F-2F85-4792-B31C-A96D7CB1DB6C}.AppStore|iPhoneSimulator.ActiveCfg = Release|Any CPU
		{7505D92F-2F85-4792-B31C-A96D7CB1DB6C}.AppStore|iPhoneSimulator.Build.0 = Release|Any CPU
		{7505D92F-2F85-4792-B31C-A96D7CB1DB6C}.AppStore|x64.ActiveCfg = Debug|Any CPU
		{7505D92F-2F85-4792-B31C-A96D7CB1DB6C}.AppStore|x64.Build.0 = Debug|Any CPU
		{7505D92F-2F85-4792-B31C-A96D7CB1DB6C}.AppStore|x86.ActiveCfg = Debug|Any CPU
		{7505D92F-2F85-4792-B31C-A96D7CB1DB6C}.AppStore|x86.Build.0 = Debug|Any CPU
		{7505D92F-2F85-4792-B31C-A96D7CB1DB6C}.Debug|Any CPU.ActiveCfg = Debug|Any CPU
		{7505D92F-2F85-4792-B31C-A96D7CB1DB6C}.Debug|Any CPU.Build.0 = Debug|Any CPU
		{7505D92F-2F85-4792-B31C-A96D7CB1DB6C}.Debug|ARM.ActiveCfg = Debug|Any CPU
		{7505D92F-2F85-4792-B31C-A96D7CB1DB6C}.Debug|ARM.Build.0 = Debug|Any CPU
		{7505D92F-2F85-4792-B31C-A96D7CB1DB6C}.Debug|iPhone.ActiveCfg = Debug|Any CPU
		{7505D92F-2F85-4792-B31C-A96D7CB1DB6C}.Debug|iPhone.Build.0 = Debug|Any CPU
		{7505D92F-2F85-4792-B31C-A96D7CB1DB6C}.Debug|iPhoneSimulator.ActiveCfg = Debug|Any CPU
		{7505D92F-2F85-4792-B31C-A96D7CB1DB6C}.Debug|iPhoneSimulator.Build.0 = Debug|Any CPU
		{7505D92F-2F85-4792-B31C-A96D7CB1DB6C}.Debug|x64.ActiveCfg = Debug|Any CPU
		{7505D92F-2F85-4792-B31C-A96D7CB1DB6C}.Debug|x64.Build.0 = Debug|Any CPU
		{7505D92F-2F85-4792-B31C-A96D7CB1DB6C}.Debug|x86.ActiveCfg = Debug|Any CPU
		{7505D92F-2F85-4792-B31C-A96D7CB1DB6C}.Debug|x86.Build.0 = Debug|Any CPU
		{7505D92F-2F85-4792-B31C-A96D7CB1DB6C}.Release|Any CPU.ActiveCfg = Release|Any CPU
		{7505D92F-2F85-4792-B31C-A96D7CB1DB6C}.Release|Any CPU.Build.0 = Release|Any CPU
		{7505D92F-2F85-4792-B31C-A96D7CB1DB6C}.Release|ARM.ActiveCfg = Release|Any CPU
		{7505D92F-2F85-4792-B31C-A96D7CB1DB6C}.Release|ARM.Build.0 = Release|Any CPU
		{7505D92F-2F85-4792-B31C-A96D7CB1DB6C}.Release|iPhone.ActiveCfg = Release|Any CPU
		{7505D92F-2F85-4792-B31C-A96D7CB1DB6C}.Release|iPhone.Build.0 = Release|Any CPU
		{7505D92F-2F85-4792-B31C-A96D7CB1DB6C}.Release|iPhoneSimulator.ActiveCfg = Release|Any CPU
		{7505D92F-2F85-4792-B31C-A96D7CB1DB6C}.Release|iPhoneSimulator.Build.0 = Release|Any CPU
		{7505D92F-2F85-4792-B31C-A96D7CB1DB6C}.Release|x64.ActiveCfg = Release|Any CPU
		{7505D92F-2F85-4792-B31C-A96D7CB1DB6C}.Release|x64.Build.0 = Release|Any CPU
		{7505D92F-2F85-4792-B31C-A96D7CB1DB6C}.Release|x86.ActiveCfg = Release|Any CPU
		{7505D92F-2F85-4792-B31C-A96D7CB1DB6C}.Release|x86.Build.0 = Release|Any CPU
		{8EDF4429-251A-416D-BB68-93F227191BCF}.Ad-Hoc|Any CPU.ActiveCfg = Release|Any CPU
		{8EDF4429-251A-416D-BB68-93F227191BCF}.Ad-Hoc|Any CPU.Build.0 = Release|Any CPU
		{8EDF4429-251A-416D-BB68-93F227191BCF}.Ad-Hoc|ARM.ActiveCfg = Debug|Any CPU
		{8EDF4429-251A-416D-BB68-93F227191BCF}.Ad-Hoc|ARM.Build.0 = Debug|Any CPU
		{8EDF4429-251A-416D-BB68-93F227191BCF}.Ad-Hoc|iPhone.ActiveCfg = Release|Any CPU
		{8EDF4429-251A-416D-BB68-93F227191BCF}.Ad-Hoc|iPhone.Build.0 = Release|Any CPU
		{8EDF4429-251A-416D-BB68-93F227191BCF}.Ad-Hoc|iPhoneSimulator.ActiveCfg = Release|Any CPU
		{8EDF4429-251A-416D-BB68-93F227191BCF}.Ad-Hoc|iPhoneSimulator.Build.0 = Release|Any CPU
		{8EDF4429-251A-416D-BB68-93F227191BCF}.Ad-Hoc|x64.ActiveCfg = Debug|Any CPU
		{8EDF4429-251A-416D-BB68-93F227191BCF}.Ad-Hoc|x64.Build.0 = Debug|Any CPU
		{8EDF4429-251A-416D-BB68-93F227191BCF}.Ad-Hoc|x86.ActiveCfg = Debug|Any CPU
		{8EDF4429-251A-416D-BB68-93F227191BCF}.Ad-Hoc|x86.Build.0 = Debug|Any CPU
		{8EDF4429-251A-416D-BB68-93F227191BCF}.AppStore|Any CPU.ActiveCfg = Release|Any CPU
		{8EDF4429-251A-416D-BB68-93F227191BCF}.AppStore|Any CPU.Build.0 = Release|Any CPU
		{8EDF4429-251A-416D-BB68-93F227191BCF}.AppStore|ARM.ActiveCfg = Debug|Any CPU
		{8EDF4429-251A-416D-BB68-93F227191BCF}.AppStore|ARM.Build.0 = Debug|Any CPU
		{8EDF4429-251A-416D-BB68-93F227191BCF}.AppStore|iPhone.ActiveCfg = Release|Any CPU
		{8EDF4429-251A-416D-BB68-93F227191BCF}.AppStore|iPhone.Build.0 = Release|Any CPU
		{8EDF4429-251A-416D-BB68-93F227191BCF}.AppStore|iPhoneSimulator.ActiveCfg = Release|Any CPU
		{8EDF4429-251A-416D-BB68-93F227191BCF}.AppStore|iPhoneSimulator.Build.0 = Release|Any CPU
		{8EDF4429-251A-416D-BB68-93F227191BCF}.AppStore|x64.ActiveCfg = Debug|Any CPU
		{8EDF4429-251A-416D-BB68-93F227191BCF}.AppStore|x64.Build.0 = Debug|Any CPU
		{8EDF4429-251A-416D-BB68-93F227191BCF}.AppStore|x86.ActiveCfg = Debug|Any CPU
		{8EDF4429-251A-416D-BB68-93F227191BCF}.AppStore|x86.Build.0 = Debug|Any CPU
		{8EDF4429-251A-416D-BB68-93F227191BCF}.Debug|Any CPU.ActiveCfg = Debug|Any CPU
		{8EDF4429-251A-416D-BB68-93F227191BCF}.Debug|Any CPU.Build.0 = Debug|Any CPU
		{8EDF4429-251A-416D-BB68-93F227191BCF}.Debug|ARM.ActiveCfg = Debug|Any CPU
		{8EDF4429-251A-416D-BB68-93F227191BCF}.Debug|ARM.Build.0 = Debug|Any CPU
		{8EDF4429-251A-416D-BB68-93F227191BCF}.Debug|iPhone.ActiveCfg = Debug|Any CPU
		{8EDF4429-251A-416D-BB68-93F227191BCF}.Debug|iPhone.Build.0 = Debug|Any CPU
		{8EDF4429-251A-416D-BB68-93F227191BCF}.Debug|iPhoneSimulator.ActiveCfg = Debug|Any CPU
		{8EDF4429-251A-416D-BB68-93F227191BCF}.Debug|iPhoneSimulator.Build.0 = Debug|Any CPU
		{8EDF4429-251A-416D-BB68-93F227191BCF}.Debug|x64.ActiveCfg = Debug|Any CPU
		{8EDF4429-251A-416D-BB68-93F227191BCF}.Debug|x64.Build.0 = Debug|Any CPU
		{8EDF4429-251A-416D-BB68-93F227191BCF}.Debug|x86.ActiveCfg = Debug|Any CPU
		{8EDF4429-251A-416D-BB68-93F227191BCF}.Debug|x86.Build.0 = Debug|Any CPU
		{8EDF4429-251A-416D-BB68-93F227191BCF}.Release|Any CPU.ActiveCfg = Release|Any CPU
		{8EDF4429-251A-416D-BB68-93F227191BCF}.Release|Any CPU.Build.0 = Release|Any CPU
		{8EDF4429-251A-416D-BB68-93F227191BCF}.Release|ARM.ActiveCfg = Release|Any CPU
		{8EDF4429-251A-416D-BB68-93F227191BCF}.Release|ARM.Build.0 = Release|Any CPU
		{8EDF4429-251A-416D-BB68-93F227191BCF}.Release|iPhone.ActiveCfg = Release|Any CPU
		{8EDF4429-251A-416D-BB68-93F227191BCF}.Release|iPhone.Build.0 = Release|Any CPU
		{8EDF4429-251A-416D-BB68-93F227191BCF}.Release|iPhoneSimulator.ActiveCfg = Release|Any CPU
		{8EDF4429-251A-416D-BB68-93F227191BCF}.Release|iPhoneSimulator.Build.0 = Release|Any CPU
		{8EDF4429-251A-416D-BB68-93F227191BCF}.Release|x64.ActiveCfg = Release|Any CPU
		{8EDF4429-251A-416D-BB68-93F227191BCF}.Release|x64.Build.0 = Release|Any CPU
		{8EDF4429-251A-416D-BB68-93F227191BCF}.Release|x86.ActiveCfg = Release|Any CPU
		{8EDF4429-251A-416D-BB68-93F227191BCF}.Release|x86.Build.0 = Release|Any CPU
		{D2CED8F0-7A76-454D-B5F7-9E8B9FE6A58E}.Ad-Hoc|Any CPU.ActiveCfg = Ad-Hoc|iPhone
		{D2CED8F0-7A76-454D-B5F7-9E8B9FE6A58E}.Ad-Hoc|ARM.ActiveCfg = Ad-Hoc|iPhoneSimulator
		{D2CED8F0-7A76-454D-B5F7-9E8B9FE6A58E}.Ad-Hoc|iPhone.ActiveCfg = Ad-Hoc|iPhone
		{D2CED8F0-7A76-454D-B5F7-9E8B9FE6A58E}.Ad-Hoc|iPhone.Build.0 = Ad-Hoc|iPhone
		{D2CED8F0-7A76-454D-B5F7-9E8B9FE6A58E}.Ad-Hoc|iPhoneSimulator.ActiveCfg = Ad-Hoc|iPhoneSimulator
		{D2CED8F0-7A76-454D-B5F7-9E8B9FE6A58E}.Ad-Hoc|iPhoneSimulator.Build.0 = Ad-Hoc|iPhoneSimulator
		{D2CED8F0-7A76-454D-B5F7-9E8B9FE6A58E}.Ad-Hoc|x64.ActiveCfg = Ad-Hoc|iPhoneSimulator
		{D2CED8F0-7A76-454D-B5F7-9E8B9FE6A58E}.Ad-Hoc|x86.ActiveCfg = Ad-Hoc|iPhoneSimulator
		{D2CED8F0-7A76-454D-B5F7-9E8B9FE6A58E}.AppStore|Any CPU.ActiveCfg = AppStore|iPhone
		{D2CED8F0-7A76-454D-B5F7-9E8B9FE6A58E}.AppStore|ARM.ActiveCfg = AppStore|iPhoneSimulator
		{D2CED8F0-7A76-454D-B5F7-9E8B9FE6A58E}.AppStore|iPhone.ActiveCfg = AppStore|iPhone
		{D2CED8F0-7A76-454D-B5F7-9E8B9FE6A58E}.AppStore|iPhone.Build.0 = AppStore|iPhone
		{D2CED8F0-7A76-454D-B5F7-9E8B9FE6A58E}.AppStore|iPhoneSimulator.ActiveCfg = AppStore|iPhoneSimulator
		{D2CED8F0-7A76-454D-B5F7-9E8B9FE6A58E}.AppStore|iPhoneSimulator.Build.0 = AppStore|iPhoneSimulator
		{D2CED8F0-7A76-454D-B5F7-9E8B9FE6A58E}.AppStore|x64.ActiveCfg = AppStore|iPhoneSimulator
		{D2CED8F0-7A76-454D-B5F7-9E8B9FE6A58E}.AppStore|x86.ActiveCfg = AppStore|iPhoneSimulator
		{D2CED8F0-7A76-454D-B5F7-9E8B9FE6A58E}.Debug|Any CPU.ActiveCfg = Debug|iPhone
		{D2CED8F0-7A76-454D-B5F7-9E8B9FE6A58E}.Debug|ARM.ActiveCfg = Debug|iPhoneSimulator
		{D2CED8F0-7A76-454D-B5F7-9E8B9FE6A58E}.Debug|iPhone.ActiveCfg = Debug|iPhone
		{D2CED8F0-7A76-454D-B5F7-9E8B9FE6A58E}.Debug|iPhone.Build.0 = Debug|iPhone
		{D2CED8F0-7A76-454D-B5F7-9E8B9FE6A58E}.Debug|iPhoneSimulator.ActiveCfg = Debug|iPhoneSimulator
		{D2CED8F0-7A76-454D-B5F7-9E8B9FE6A58E}.Debug|iPhoneSimulator.Build.0 = Debug|iPhoneSimulator
		{D2CED8F0-7A76-454D-B5F7-9E8B9FE6A58E}.Debug|x64.ActiveCfg = Debug|iPhoneSimulator
		{D2CED8F0-7A76-454D-B5F7-9E8B9FE6A58E}.Debug|x86.ActiveCfg = Debug|iPhoneSimulator
		{D2CED8F0-7A76-454D-B5F7-9E8B9FE6A58E}.Release|Any CPU.ActiveCfg = Release|iPhone
		{D2CED8F0-7A76-454D-B5F7-9E8B9FE6A58E}.Release|ARM.ActiveCfg = Release|iPhoneSimulator
		{D2CED8F0-7A76-454D-B5F7-9E8B9FE6A58E}.Release|iPhone.ActiveCfg = Release|iPhone
		{D2CED8F0-7A76-454D-B5F7-9E8B9FE6A58E}.Release|iPhone.Build.0 = Release|iPhone
		{D2CED8F0-7A76-454D-B5F7-9E8B9FE6A58E}.Release|iPhoneSimulator.ActiveCfg = Release|iPhoneSimulator
		{D2CED8F0-7A76-454D-B5F7-9E8B9FE6A58E}.Release|iPhoneSimulator.Build.0 = Release|iPhoneSimulator
		{D2CED8F0-7A76-454D-B5F7-9E8B9FE6A58E}.Release|x64.ActiveCfg = Release|iPhoneSimulator
		{D2CED8F0-7A76-454D-B5F7-9E8B9FE6A58E}.Release|x86.ActiveCfg = Release|iPhoneSimulator
		{AD7B78B0-AE51-4FB7-9B11-4E22A2B538CA}.Ad-Hoc|Any CPU.ActiveCfg = Release|Any CPU
		{AD7B78B0-AE51-4FB7-9B11-4E22A2B538CA}.Ad-Hoc|Any CPU.Build.0 = Release|Any CPU
		{AD7B78B0-AE51-4FB7-9B11-4E22A2B538CA}.Ad-Hoc|Any CPU.Deploy.0 = Release|Any CPU
		{AD7B78B0-AE51-4FB7-9B11-4E22A2B538CA}.Ad-Hoc|ARM.ActiveCfg = Debug|Any CPU
		{AD7B78B0-AE51-4FB7-9B11-4E22A2B538CA}.Ad-Hoc|ARM.Build.0 = Debug|Any CPU
		{AD7B78B0-AE51-4FB7-9B11-4E22A2B538CA}.Ad-Hoc|ARM.Deploy.0 = Debug|Any CPU
		{AD7B78B0-AE51-4FB7-9B11-4E22A2B538CA}.Ad-Hoc|iPhone.ActiveCfg = Release|Any CPU
		{AD7B78B0-AE51-4FB7-9B11-4E22A2B538CA}.Ad-Hoc|iPhone.Build.0 = Release|Any CPU
		{AD7B78B0-AE51-4FB7-9B11-4E22A2B538CA}.Ad-Hoc|iPhone.Deploy.0 = Release|Any CPU
		{AD7B78B0-AE51-4FB7-9B11-4E22A2B538CA}.Ad-Hoc|iPhoneSimulator.ActiveCfg = Release|Any CPU
		{AD7B78B0-AE51-4FB7-9B11-4E22A2B538CA}.Ad-Hoc|iPhoneSimulator.Build.0 = Release|Any CPU
		{AD7B78B0-AE51-4FB7-9B11-4E22A2B538CA}.Ad-Hoc|iPhoneSimulator.Deploy.0 = Release|Any CPU
		{AD7B78B0-AE51-4FB7-9B11-4E22A2B538CA}.Ad-Hoc|x64.ActiveCfg = Debug|Any CPU
		{AD7B78B0-AE51-4FB7-9B11-4E22A2B538CA}.Ad-Hoc|x64.Build.0 = Debug|Any CPU
		{AD7B78B0-AE51-4FB7-9B11-4E22A2B538CA}.Ad-Hoc|x64.Deploy.0 = Debug|Any CPU
		{AD7B78B0-AE51-4FB7-9B11-4E22A2B538CA}.Ad-Hoc|x86.ActiveCfg = Debug|Any CPU
		{AD7B78B0-AE51-4FB7-9B11-4E22A2B538CA}.Ad-Hoc|x86.Build.0 = Debug|Any CPU
		{AD7B78B0-AE51-4FB7-9B11-4E22A2B538CA}.Ad-Hoc|x86.Deploy.0 = Debug|Any CPU
		{AD7B78B0-AE51-4FB7-9B11-4E22A2B538CA}.AppStore|Any CPU.ActiveCfg = Release|Any CPU
		{AD7B78B0-AE51-4FB7-9B11-4E22A2B538CA}.AppStore|Any CPU.Build.0 = Release|Any CPU
		{AD7B78B0-AE51-4FB7-9B11-4E22A2B538CA}.AppStore|Any CPU.Deploy.0 = Release|Any CPU
		{AD7B78B0-AE51-4FB7-9B11-4E22A2B538CA}.AppStore|ARM.ActiveCfg = Debug|Any CPU
		{AD7B78B0-AE51-4FB7-9B11-4E22A2B538CA}.AppStore|ARM.Build.0 = Debug|Any CPU
		{AD7B78B0-AE51-4FB7-9B11-4E22A2B538CA}.AppStore|ARM.Deploy.0 = Debug|Any CPU
		{AD7B78B0-AE51-4FB7-9B11-4E22A2B538CA}.AppStore|iPhone.ActiveCfg = Release|Any CPU
		{AD7B78B0-AE51-4FB7-9B11-4E22A2B538CA}.AppStore|iPhone.Build.0 = Release|Any CPU
		{AD7B78B0-AE51-4FB7-9B11-4E22A2B538CA}.AppStore|iPhone.Deploy.0 = Release|Any CPU
		{AD7B78B0-AE51-4FB7-9B11-4E22A2B538CA}.AppStore|iPhoneSimulator.ActiveCfg = Release|Any CPU
		{AD7B78B0-AE51-4FB7-9B11-4E22A2B538CA}.AppStore|iPhoneSimulator.Build.0 = Release|Any CPU
		{AD7B78B0-AE51-4FB7-9B11-4E22A2B538CA}.AppStore|iPhoneSimulator.Deploy.0 = Release|Any CPU
		{AD7B78B0-AE51-4FB7-9B11-4E22A2B538CA}.AppStore|x64.ActiveCfg = Debug|Any CPU
		{AD7B78B0-AE51-4FB7-9B11-4E22A2B538CA}.AppStore|x64.Build.0 = Debug|Any CPU
		{AD7B78B0-AE51-4FB7-9B11-4E22A2B538CA}.AppStore|x64.Deploy.0 = Debug|Any CPU
		{AD7B78B0-AE51-4FB7-9B11-4E22A2B538CA}.AppStore|x86.ActiveCfg = Debug|Any CPU
		{AD7B78B0-AE51-4FB7-9B11-4E22A2B538CA}.AppStore|x86.Build.0 = Debug|Any CPU
		{AD7B78B0-AE51-4FB7-9B11-4E22A2B538CA}.AppStore|x86.Deploy.0 = Debug|Any CPU
		{AD7B78B0-AE51-4FB7-9B11-4E22A2B538CA}.Debug|Any CPU.ActiveCfg = Debug|Any CPU
		{AD7B78B0-AE51-4FB7-9B11-4E22A2B538CA}.Debug|Any CPU.Build.0 = Debug|Any CPU
		{AD7B78B0-AE51-4FB7-9B11-4E22A2B538CA}.Debug|Any CPU.Deploy.0 = Debug|Any CPU
		{AD7B78B0-AE51-4FB7-9B11-4E22A2B538CA}.Debug|ARM.ActiveCfg = Debug|Any CPU
		{AD7B78B0-AE51-4FB7-9B11-4E22A2B538CA}.Debug|ARM.Build.0 = Debug|Any CPU
		{AD7B78B0-AE51-4FB7-9B11-4E22A2B538CA}.Debug|ARM.Deploy.0 = Debug|Any CPU
		{AD7B78B0-AE51-4FB7-9B11-4E22A2B538CA}.Debug|iPhone.ActiveCfg = Debug|Any CPU
		{AD7B78B0-AE51-4FB7-9B11-4E22A2B538CA}.Debug|iPhone.Build.0 = Debug|Any CPU
		{AD7B78B0-AE51-4FB7-9B11-4E22A2B538CA}.Debug|iPhone.Deploy.0 = Debug|Any CPU
		{AD7B78B0-AE51-4FB7-9B11-4E22A2B538CA}.Debug|iPhoneSimulator.ActiveCfg = Debug|Any CPU
		{AD7B78B0-AE51-4FB7-9B11-4E22A2B538CA}.Debug|iPhoneSimulator.Build.0 = Debug|Any CPU
		{AD7B78B0-AE51-4FB7-9B11-4E22A2B538CA}.Debug|iPhoneSimulator.Deploy.0 = Debug|Any CPU
		{AD7B78B0-AE51-4FB7-9B11-4E22A2B538CA}.Debug|x64.ActiveCfg = Debug|Any CPU
		{AD7B78B0-AE51-4FB7-9B11-4E22A2B538CA}.Debug|x64.Build.0 = Debug|Any CPU
		{AD7B78B0-AE51-4FB7-9B11-4E22A2B538CA}.Debug|x64.Deploy.0 = Debug|Any CPU
		{AD7B78B0-AE51-4FB7-9B11-4E22A2B538CA}.Debug|x86.ActiveCfg = Debug|Any CPU
		{AD7B78B0-AE51-4FB7-9B11-4E22A2B538CA}.Debug|x86.Build.0 = Debug|Any CPU
		{AD7B78B0-AE51-4FB7-9B11-4E22A2B538CA}.Debug|x86.Deploy.0 = Debug|Any CPU
		{AD7B78B0-AE51-4FB7-9B11-4E22A2B538CA}.Release|Any CPU.ActiveCfg = Release|Any CPU
		{AD7B78B0-AE51-4FB7-9B11-4E22A2B538CA}.Release|Any CPU.Build.0 = Release|Any CPU
		{AD7B78B0-AE51-4FB7-9B11-4E22A2B538CA}.Release|Any CPU.Deploy.0 = Release|Any CPU
		{AD7B78B0-AE51-4FB7-9B11-4E22A2B538CA}.Release|ARM.ActiveCfg = Release|Any CPU
		{AD7B78B0-AE51-4FB7-9B11-4E22A2B538CA}.Release|ARM.Build.0 = Release|Any CPU
		{AD7B78B0-AE51-4FB7-9B11-4E22A2B538CA}.Release|ARM.Deploy.0 = Release|Any CPU
		{AD7B78B0-AE51-4FB7-9B11-4E22A2B538CA}.Release|iPhone.ActiveCfg = Release|Any CPU
		{AD7B78B0-AE51-4FB7-9B11-4E22A2B538CA}.Release|iPhone.Build.0 = Release|Any CPU
		{AD7B78B0-AE51-4FB7-9B11-4E22A2B538CA}.Release|iPhone.Deploy.0 = Release|Any CPU
		{AD7B78B0-AE51-4FB7-9B11-4E22A2B538CA}.Release|iPhoneSimulator.ActiveCfg = Release|Any CPU
		{AD7B78B0-AE51-4FB7-9B11-4E22A2B538CA}.Release|iPhoneSimulator.Build.0 = Release|Any CPU
		{AD7B78B0-AE51-4FB7-9B11-4E22A2B538CA}.Release|iPhoneSimulator.Deploy.0 = Release|Any CPU
		{AD7B78B0-AE51-4FB7-9B11-4E22A2B538CA}.Release|x64.ActiveCfg = Release|Any CPU
		{AD7B78B0-AE51-4FB7-9B11-4E22A2B538CA}.Release|x64.Build.0 = Release|Any CPU
		{AD7B78B0-AE51-4FB7-9B11-4E22A2B538CA}.Release|x64.Deploy.0 = Release|Any CPU
		{AD7B78B0-AE51-4FB7-9B11-4E22A2B538CA}.Release|x86.ActiveCfg = Release|Any CPU
		{AD7B78B0-AE51-4FB7-9B11-4E22A2B538CA}.Release|x86.Build.0 = Release|Any CPU
		{AD7B78B0-AE51-4FB7-9B11-4E22A2B538CA}.Release|x86.Deploy.0 = Release|Any CPU
		{D679DB2A-6F09-4161-B3CC-A7C153A2302A}.Ad-Hoc|Any CPU.ActiveCfg = Release|Any CPU
		{D679DB2A-6F09-4161-B3CC-A7C153A2302A}.Ad-Hoc|Any CPU.Build.0 = Release|Any CPU
		{D679DB2A-6F09-4161-B3CC-A7C153A2302A}.Ad-Hoc|Any CPU.Deploy.0 = Release|Any CPU
		{D679DB2A-6F09-4161-B3CC-A7C153A2302A}.Ad-Hoc|ARM.ActiveCfg = Debug|Any CPU
		{D679DB2A-6F09-4161-B3CC-A7C153A2302A}.Ad-Hoc|ARM.Build.0 = Debug|Any CPU
		{D679DB2A-6F09-4161-B3CC-A7C153A2302A}.Ad-Hoc|ARM.Deploy.0 = Debug|Any CPU
		{D679DB2A-6F09-4161-B3CC-A7C153A2302A}.Ad-Hoc|iPhone.ActiveCfg = Release|Any CPU
		{D679DB2A-6F09-4161-B3CC-A7C153A2302A}.Ad-Hoc|iPhone.Build.0 = Release|Any CPU
		{D679DB2A-6F09-4161-B3CC-A7C153A2302A}.Ad-Hoc|iPhone.Deploy.0 = Release|Any CPU
		{D679DB2A-6F09-4161-B3CC-A7C153A2302A}.Ad-Hoc|iPhoneSimulator.ActiveCfg = Release|Any CPU
		{D679DB2A-6F09-4161-B3CC-A7C153A2302A}.Ad-Hoc|iPhoneSimulator.Build.0 = Release|Any CPU
		{D679DB2A-6F09-4161-B3CC-A7C153A2302A}.Ad-Hoc|iPhoneSimulator.Deploy.0 = Release|Any CPU
		{D679DB2A-6F09-4161-B3CC-A7C153A2302A}.Ad-Hoc|x64.ActiveCfg = Debug|Any CPU
		{D679DB2A-6F09-4161-B3CC-A7C153A2302A}.Ad-Hoc|x64.Build.0 = Debug|Any CPU
		{D679DB2A-6F09-4161-B3CC-A7C153A2302A}.Ad-Hoc|x64.Deploy.0 = Debug|Any CPU
		{D679DB2A-6F09-4161-B3CC-A7C153A2302A}.Ad-Hoc|x86.ActiveCfg = Debug|Any CPU
		{D679DB2A-6F09-4161-B3CC-A7C153A2302A}.Ad-Hoc|x86.Build.0 = Debug|Any CPU
		{D679DB2A-6F09-4161-B3CC-A7C153A2302A}.Ad-Hoc|x86.Deploy.0 = Debug|Any CPU
		{D679DB2A-6F09-4161-B3CC-A7C153A2302A}.AppStore|Any CPU.ActiveCfg = Release|Any CPU
		{D679DB2A-6F09-4161-B3CC-A7C153A2302A}.AppStore|Any CPU.Build.0 = Release|Any CPU
		{D679DB2A-6F09-4161-B3CC-A7C153A2302A}.AppStore|Any CPU.Deploy.0 = Release|Any CPU
		{D679DB2A-6F09-4161-B3CC-A7C153A2302A}.AppStore|ARM.ActiveCfg = Debug|Any CPU
		{D679DB2A-6F09-4161-B3CC-A7C153A2302A}.AppStore|ARM.Build.0 = Debug|Any CPU
		{D679DB2A-6F09-4161-B3CC-A7C153A2302A}.AppStore|ARM.Deploy.0 = Debug|Any CPU
		{D679DB2A-6F09-4161-B3CC-A7C153A2302A}.AppStore|iPhone.ActiveCfg = Release|Any CPU
		{D679DB2A-6F09-4161-B3CC-A7C153A2302A}.AppStore|iPhone.Build.0 = Release|Any CPU
		{D679DB2A-6F09-4161-B3CC-A7C153A2302A}.AppStore|iPhone.Deploy.0 = Release|Any CPU
		{D679DB2A-6F09-4161-B3CC-A7C153A2302A}.AppStore|iPhoneSimulator.ActiveCfg = Release|Any CPU
		{D679DB2A-6F09-4161-B3CC-A7C153A2302A}.AppStore|iPhoneSimulator.Build.0 = Release|Any CPU
		{D679DB2A-6F09-4161-B3CC-A7C153A2302A}.AppStore|iPhoneSimulator.Deploy.0 = Release|Any CPU
		{D679DB2A-6F09-4161-B3CC-A7C153A2302A}.AppStore|x64.ActiveCfg = Debug|Any CPU
		{D679DB2A-6F09-4161-B3CC-A7C153A2302A}.AppStore|x64.Build.0 = Debug|Any CPU
		{D679DB2A-6F09-4161-B3CC-A7C153A2302A}.AppStore|x64.Deploy.0 = Debug|Any CPU
		{D679DB2A-6F09-4161-B3CC-A7C153A2302A}.AppStore|x86.ActiveCfg = Debug|Any CPU
		{D679DB2A-6F09-4161-B3CC-A7C153A2302A}.AppStore|x86.Build.0 = Debug|Any CPU
		{D679DB2A-6F09-4161-B3CC-A7C153A2302A}.AppStore|x86.Deploy.0 = Debug|Any CPU
		{D679DB2A-6F09-4161-B3CC-A7C153A2302A}.Debug|Any CPU.ActiveCfg = Debug|Any CPU
		{D679DB2A-6F09-4161-B3CC-A7C153A2302A}.Debug|Any CPU.Build.0 = Debug|Any CPU
		{D679DB2A-6F09-4161-B3CC-A7C153A2302A}.Debug|Any CPU.Deploy.0 = Debug|Any CPU
		{D679DB2A-6F09-4161-B3CC-A7C153A2302A}.Debug|ARM.ActiveCfg = Debug|Any CPU
		{D679DB2A-6F09-4161-B3CC-A7C153A2302A}.Debug|ARM.Build.0 = Debug|Any CPU
		{D679DB2A-6F09-4161-B3CC-A7C153A2302A}.Debug|ARM.Deploy.0 = Debug|Any CPU
		{D679DB2A-6F09-4161-B3CC-A7C153A2302A}.Debug|iPhone.ActiveCfg = Debug|Any CPU
		{D679DB2A-6F09-4161-B3CC-A7C153A2302A}.Debug|iPhone.Build.0 = Debug|Any CPU
		{D679DB2A-6F09-4161-B3CC-A7C153A2302A}.Debug|iPhone.Deploy.0 = Debug|Any CPU
		{D679DB2A-6F09-4161-B3CC-A7C153A2302A}.Debug|iPhoneSimulator.ActiveCfg = Debug|Any CPU
		{D679DB2A-6F09-4161-B3CC-A7C153A2302A}.Debug|iPhoneSimulator.Build.0 = Debug|Any CPU
		{D679DB2A-6F09-4161-B3CC-A7C153A2302A}.Debug|iPhoneSimulator.Deploy.0 = Debug|Any CPU
		{D679DB2A-6F09-4161-B3CC-A7C153A2302A}.Debug|x64.ActiveCfg = Debug|Any CPU
		{D679DB2A-6F09-4161-B3CC-A7C153A2302A}.Debug|x64.Build.0 = Debug|Any CPU
		{D679DB2A-6F09-4161-B3CC-A7C153A2302A}.Debug|x64.Deploy.0 = Debug|Any CPU
		{D679DB2A-6F09-4161-B3CC-A7C153A2302A}.Debug|x86.ActiveCfg = Debug|Any CPU
		{D679DB2A-6F09-4161-B3CC-A7C153A2302A}.Debug|x86.Build.0 = Debug|Any CPU
		{D679DB2A-6F09-4161-B3CC-A7C153A2302A}.Debug|x86.Deploy.0 = Debug|Any CPU
		{D679DB2A-6F09-4161-B3CC-A7C153A2302A}.Release|Any CPU.ActiveCfg = Release|Any CPU
		{D679DB2A-6F09-4161-B3CC-A7C153A2302A}.Release|Any CPU.Build.0 = Release|Any CPU
		{D679DB2A-6F09-4161-B3CC-A7C153A2302A}.Release|Any CPU.Deploy.0 = Release|Any CPU
		{D679DB2A-6F09-4161-B3CC-A7C153A2302A}.Release|ARM.ActiveCfg = Release|Any CPU
		{D679DB2A-6F09-4161-B3CC-A7C153A2302A}.Release|ARM.Build.0 = Release|Any CPU
		{D679DB2A-6F09-4161-B3CC-A7C153A2302A}.Release|ARM.Deploy.0 = Release|Any CPU
		{D679DB2A-6F09-4161-B3CC-A7C153A2302A}.Release|iPhone.ActiveCfg = Release|Any CPU
		{D679DB2A-6F09-4161-B3CC-A7C153A2302A}.Release|iPhone.Build.0 = Release|Any CPU
		{D679DB2A-6F09-4161-B3CC-A7C153A2302A}.Release|iPhone.Deploy.0 = Release|Any CPU
		{D679DB2A-6F09-4161-B3CC-A7C153A2302A}.Release|iPhoneSimulator.ActiveCfg = Release|Any CPU
		{D679DB2A-6F09-4161-B3CC-A7C153A2302A}.Release|iPhoneSimulator.Build.0 = Release|Any CPU
		{D679DB2A-6F09-4161-B3CC-A7C153A2302A}.Release|iPhoneSimulator.Deploy.0 = Release|Any CPU
		{D679DB2A-6F09-4161-B3CC-A7C153A2302A}.Release|x64.ActiveCfg = Release|Any CPU
		{D679DB2A-6F09-4161-B3CC-A7C153A2302A}.Release|x64.Build.0 = Release|Any CPU
		{D679DB2A-6F09-4161-B3CC-A7C153A2302A}.Release|x64.Deploy.0 = Release|Any CPU
		{D679DB2A-6F09-4161-B3CC-A7C153A2302A}.Release|x86.ActiveCfg = Release|Any CPU
		{D679DB2A-6F09-4161-B3CC-A7C153A2302A}.Release|x86.Build.0 = Release|Any CPU
		{D679DB2A-6F09-4161-B3CC-A7C153A2302A}.Release|x86.Deploy.0 = Release|Any CPU
		{FEF9315B-C134-4B2D-BA73-6F7EC06E54BC}.Ad-Hoc|Any CPU.ActiveCfg = Ad-Hoc|iPhone
		{FEF9315B-C134-4B2D-BA73-6F7EC06E54BC}.Ad-Hoc|ARM.ActiveCfg = Ad-Hoc|iPhoneSimulator
		{FEF9315B-C134-4B2D-BA73-6F7EC06E54BC}.Ad-Hoc|iPhone.ActiveCfg = Ad-Hoc|iPhone
		{FEF9315B-C134-4B2D-BA73-6F7EC06E54BC}.Ad-Hoc|iPhone.Build.0 = Ad-Hoc|iPhone
		{FEF9315B-C134-4B2D-BA73-6F7EC06E54BC}.Ad-Hoc|iPhoneSimulator.ActiveCfg = Ad-Hoc|iPhoneSimulator
		{FEF9315B-C134-4B2D-BA73-6F7EC06E54BC}.Ad-Hoc|iPhoneSimulator.Build.0 = Ad-Hoc|iPhoneSimulator
		{FEF9315B-C134-4B2D-BA73-6F7EC06E54BC}.Ad-Hoc|x64.ActiveCfg = Ad-Hoc|iPhoneSimulator
		{FEF9315B-C134-4B2D-BA73-6F7EC06E54BC}.Ad-Hoc|x86.ActiveCfg = Ad-Hoc|iPhoneSimulator
		{FEF9315B-C134-4B2D-BA73-6F7EC06E54BC}.AppStore|Any CPU.ActiveCfg = AppStore|iPhone
		{FEF9315B-C134-4B2D-BA73-6F7EC06E54BC}.AppStore|ARM.ActiveCfg = AppStore|iPhoneSimulator
		{FEF9315B-C134-4B2D-BA73-6F7EC06E54BC}.AppStore|iPhone.ActiveCfg = AppStore|iPhone
		{FEF9315B-C134-4B2D-BA73-6F7EC06E54BC}.AppStore|iPhone.Build.0 = AppStore|iPhone
		{FEF9315B-C134-4B2D-BA73-6F7EC06E54BC}.AppStore|iPhoneSimulator.ActiveCfg = AppStore|iPhoneSimulator
		{FEF9315B-C134-4B2D-BA73-6F7EC06E54BC}.AppStore|iPhoneSimulator.Build.0 = AppStore|iPhoneSimulator
		{FEF9315B-C134-4B2D-BA73-6F7EC06E54BC}.AppStore|x64.ActiveCfg = AppStore|iPhoneSimulator
		{FEF9315B-C134-4B2D-BA73-6F7EC06E54BC}.AppStore|x86.ActiveCfg = AppStore|iPhoneSimulator
		{FEF9315B-C134-4B2D-BA73-6F7EC06E54BC}.Debug|Any CPU.ActiveCfg = Debug|iPhone
		{FEF9315B-C134-4B2D-BA73-6F7EC06E54BC}.Debug|ARM.ActiveCfg = Debug|iPhoneSimulator
		{FEF9315B-C134-4B2D-BA73-6F7EC06E54BC}.Debug|iPhone.ActiveCfg = Debug|iPhone
		{FEF9315B-C134-4B2D-BA73-6F7EC06E54BC}.Debug|iPhone.Build.0 = Debug|iPhone
		{FEF9315B-C134-4B2D-BA73-6F7EC06E54BC}.Debug|iPhoneSimulator.ActiveCfg = Debug|iPhoneSimulator
		{FEF9315B-C134-4B2D-BA73-6F7EC06E54BC}.Debug|iPhoneSimulator.Build.0 = Debug|iPhoneSimulator
		{FEF9315B-C134-4B2D-BA73-6F7EC06E54BC}.Debug|x64.ActiveCfg = Debug|iPhoneSimulator
		{FEF9315B-C134-4B2D-BA73-6F7EC06E54BC}.Debug|x86.ActiveCfg = Debug|iPhoneSimulator
		{FEF9315B-C134-4B2D-BA73-6F7EC06E54BC}.Release|Any CPU.ActiveCfg = Release|iPhone
		{FEF9315B-C134-4B2D-BA73-6F7EC06E54BC}.Release|ARM.ActiveCfg = Release|iPhoneSimulator
		{FEF9315B-C134-4B2D-BA73-6F7EC06E54BC}.Release|iPhone.ActiveCfg = Release|iPhone
		{FEF9315B-C134-4B2D-BA73-6F7EC06E54BC}.Release|iPhone.Build.0 = Release|iPhone
		{FEF9315B-C134-4B2D-BA73-6F7EC06E54BC}.Release|iPhoneSimulator.ActiveCfg = Release|iPhoneSimulator
		{FEF9315B-C134-4B2D-BA73-6F7EC06E54BC}.Release|iPhoneSimulator.Build.0 = Release|iPhoneSimulator
		{FEF9315B-C134-4B2D-BA73-6F7EC06E54BC}.Release|x64.ActiveCfg = Release|iPhoneSimulator
		{FEF9315B-C134-4B2D-BA73-6F7EC06E54BC}.Release|x86.ActiveCfg = Release|iPhoneSimulator
		{60BE541D-2DF8-4DCD-8C84-2D8ED1E1AEC7}.Ad-Hoc|Any CPU.ActiveCfg = Ad-Hoc|iPhone
		{60BE541D-2DF8-4DCD-8C84-2D8ED1E1AEC7}.Ad-Hoc|ARM.ActiveCfg = Ad-Hoc|iPhone
		{60BE541D-2DF8-4DCD-8C84-2D8ED1E1AEC7}.Ad-Hoc|iPhone.ActiveCfg = Ad-Hoc|iPhone
		{60BE541D-2DF8-4DCD-8C84-2D8ED1E1AEC7}.Ad-Hoc|iPhone.Build.0 = Ad-Hoc|iPhone
		{60BE541D-2DF8-4DCD-8C84-2D8ED1E1AEC7}.Ad-Hoc|iPhoneSimulator.ActiveCfg = Ad-Hoc|iPhoneSimulator
		{60BE541D-2DF8-4DCD-8C84-2D8ED1E1AEC7}.Ad-Hoc|iPhoneSimulator.Build.0 = Ad-Hoc|iPhoneSimulator
		{60BE541D-2DF8-4DCD-8C84-2D8ED1E1AEC7}.Ad-Hoc|x64.ActiveCfg = Ad-Hoc|iPhone
		{60BE541D-2DF8-4DCD-8C84-2D8ED1E1AEC7}.Ad-Hoc|x86.ActiveCfg = Ad-Hoc|iPhone
		{60BE541D-2DF8-4DCD-8C84-2D8ED1E1AEC7}.AppStore|Any CPU.ActiveCfg = AppStore|iPhone
		{60BE541D-2DF8-4DCD-8C84-2D8ED1E1AEC7}.AppStore|ARM.ActiveCfg = AppStore|iPhone
		{60BE541D-2DF8-4DCD-8C84-2D8ED1E1AEC7}.AppStore|iPhone.ActiveCfg = AppStore|iPhone
		{60BE541D-2DF8-4DCD-8C84-2D8ED1E1AEC7}.AppStore|iPhone.Build.0 = AppStore|iPhone
		{60BE541D-2DF8-4DCD-8C84-2D8ED1E1AEC7}.AppStore|iPhoneSimulator.ActiveCfg = AppStore|iPhoneSimulator
		{60BE541D-2DF8-4DCD-8C84-2D8ED1E1AEC7}.AppStore|iPhoneSimulator.Build.0 = AppStore|iPhoneSimulator
		{60BE541D-2DF8-4DCD-8C84-2D8ED1E1AEC7}.AppStore|x64.ActiveCfg = AppStore|iPhone
		{60BE541D-2DF8-4DCD-8C84-2D8ED1E1AEC7}.AppStore|x86.ActiveCfg = AppStore|iPhone
		{60BE541D-2DF8-4DCD-8C84-2D8ED1E1AEC7}.Debug|Any CPU.ActiveCfg = Debug|iPhone
		{60BE541D-2DF8-4DCD-8C84-2D8ED1E1AEC7}.Debug|ARM.ActiveCfg = Debug|iPhone
		{60BE541D-2DF8-4DCD-8C84-2D8ED1E1AEC7}.Debug|iPhone.ActiveCfg = Debug|iPhone
		{60BE541D-2DF8-4DCD-8C84-2D8ED1E1AEC7}.Debug|iPhone.Build.0 = Debug|iPhone
		{60BE541D-2DF8-4DCD-8C84-2D8ED1E1AEC7}.Debug|iPhoneSimulator.ActiveCfg = Debug|iPhoneSimulator
		{60BE541D-2DF8-4DCD-8C84-2D8ED1E1AEC7}.Debug|iPhoneSimulator.Build.0 = Debug|iPhoneSimulator
		{60BE541D-2DF8-4DCD-8C84-2D8ED1E1AEC7}.Debug|x64.ActiveCfg = Debug|iPhone
		{60BE541D-2DF8-4DCD-8C84-2D8ED1E1AEC7}.Debug|x86.ActiveCfg = Debug|iPhone
		{60BE541D-2DF8-4DCD-8C84-2D8ED1E1AEC7}.Release|Any CPU.ActiveCfg = Release|iPhone
		{60BE541D-2DF8-4DCD-8C84-2D8ED1E1AEC7}.Release|ARM.ActiveCfg = Release|iPhone
		{60BE541D-2DF8-4DCD-8C84-2D8ED1E1AEC7}.Release|iPhone.ActiveCfg = Release|iPhone
		{60BE541D-2DF8-4DCD-8C84-2D8ED1E1AEC7}.Release|iPhone.Build.0 = Release|iPhone
		{60BE541D-2DF8-4DCD-8C84-2D8ED1E1AEC7}.Release|iPhoneSimulator.ActiveCfg = Release|iPhoneSimulator
		{60BE541D-2DF8-4DCD-8C84-2D8ED1E1AEC7}.Release|iPhoneSimulator.Build.0 = Release|iPhoneSimulator
		{60BE541D-2DF8-4DCD-8C84-2D8ED1E1AEC7}.Release|x64.ActiveCfg = Release|iPhone
		{60BE541D-2DF8-4DCD-8C84-2D8ED1E1AEC7}.Release|x86.ActiveCfg = Release|iPhone
		{DE0D253C-4840-4B5D-BC6A-BF77A4C5A31E}.Ad-Hoc|Any CPU.ActiveCfg = Release|Any CPU
		{DE0D253C-4840-4B5D-BC6A-BF77A4C5A31E}.Ad-Hoc|Any CPU.Build.0 = Release|Any CPU
		{DE0D253C-4840-4B5D-BC6A-BF77A4C5A31E}.Ad-Hoc|ARM.ActiveCfg = Release|Any CPU
		{DE0D253C-4840-4B5D-BC6A-BF77A4C5A31E}.Ad-Hoc|ARM.Build.0 = Release|Any CPU
		{DE0D253C-4840-4B5D-BC6A-BF77A4C5A31E}.Ad-Hoc|iPhone.ActiveCfg = Release|Any CPU
		{DE0D253C-4840-4B5D-BC6A-BF77A4C5A31E}.Ad-Hoc|iPhone.Build.0 = Release|Any CPU
		{DE0D253C-4840-4B5D-BC6A-BF77A4C5A31E}.Ad-Hoc|iPhoneSimulator.ActiveCfg = Release|Any CPU
		{DE0D253C-4840-4B5D-BC6A-BF77A4C5A31E}.Ad-Hoc|iPhoneSimulator.Build.0 = Release|Any CPU
		{DE0D253C-4840-4B5D-BC6A-BF77A4C5A31E}.Ad-Hoc|x64.ActiveCfg = Release|Any CPU
		{DE0D253C-4840-4B5D-BC6A-BF77A4C5A31E}.Ad-Hoc|x64.Build.0 = Release|Any CPU
		{DE0D253C-4840-4B5D-BC6A-BF77A4C5A31E}.Ad-Hoc|x86.ActiveCfg = Release|Any CPU
		{DE0D253C-4840-4B5D-BC6A-BF77A4C5A31E}.Ad-Hoc|x86.Build.0 = Release|Any CPU
		{DE0D253C-4840-4B5D-BC6A-BF77A4C5A31E}.AppStore|Any CPU.ActiveCfg = Release|Any CPU
		{DE0D253C-4840-4B5D-BC6A-BF77A4C5A31E}.AppStore|Any CPU.Build.0 = Release|Any CPU
		{DE0D253C-4840-4B5D-BC6A-BF77A4C5A31E}.AppStore|ARM.ActiveCfg = Release|Any CPU
		{DE0D253C-4840-4B5D-BC6A-BF77A4C5A31E}.AppStore|ARM.Build.0 = Release|Any CPU
		{DE0D253C-4840-4B5D-BC6A-BF77A4C5A31E}.AppStore|iPhone.ActiveCfg = Release|Any CPU
		{DE0D253C-4840-4B5D-BC6A-BF77A4C5A31E}.AppStore|iPhone.Build.0 = Release|Any CPU
		{DE0D253C-4840-4B5D-BC6A-BF77A4C5A31E}.AppStore|iPhoneSimulator.ActiveCfg = Release|Any CPU
		{DE0D253C-4840-4B5D-BC6A-BF77A4C5A31E}.AppStore|iPhoneSimulator.Build.0 = Release|Any CPU
		{DE0D253C-4840-4B5D-BC6A-BF77A4C5A31E}.AppStore|x64.ActiveCfg = Release|Any CPU
		{DE0D253C-4840-4B5D-BC6A-BF77A4C5A31E}.AppStore|x64.Build.0 = Release|Any CPU
		{DE0D253C-4840-4B5D-BC6A-BF77A4C5A31E}.AppStore|x86.ActiveCfg = Release|Any CPU
		{DE0D253C-4840-4B5D-BC6A-BF77A4C5A31E}.AppStore|x86.Build.0 = Release|Any CPU
		{DE0D253C-4840-4B5D-BC6A-BF77A4C5A31E}.Debug|Any CPU.ActiveCfg = Debug|Any CPU
		{DE0D253C-4840-4B5D-BC6A-BF77A4C5A31E}.Debug|Any CPU.Build.0 = Debug|Any CPU
		{DE0D253C-4840-4B5D-BC6A-BF77A4C5A31E}.Debug|ARM.ActiveCfg = Debug|Any CPU
		{DE0D253C-4840-4B5D-BC6A-BF77A4C5A31E}.Debug|ARM.Build.0 = Debug|Any CPU
		{DE0D253C-4840-4B5D-BC6A-BF77A4C5A31E}.Debug|iPhone.ActiveCfg = Debug|Any CPU
		{DE0D253C-4840-4B5D-BC6A-BF77A4C5A31E}.Debug|iPhone.Build.0 = Debug|Any CPU
		{DE0D253C-4840-4B5D-BC6A-BF77A4C5A31E}.Debug|iPhoneSimulator.ActiveCfg = Debug|Any CPU
		{DE0D253C-4840-4B5D-BC6A-BF77A4C5A31E}.Debug|iPhoneSimulator.Build.0 = Debug|Any CPU
		{DE0D253C-4840-4B5D-BC6A-BF77A4C5A31E}.Debug|x64.ActiveCfg = Debug|Any CPU
		{DE0D253C-4840-4B5D-BC6A-BF77A4C5A31E}.Debug|x64.Build.0 = Debug|Any CPU
		{DE0D253C-4840-4B5D-BC6A-BF77A4C5A31E}.Debug|x86.ActiveCfg = Debug|Any CPU
		{DE0D253C-4840-4B5D-BC6A-BF77A4C5A31E}.Debug|x86.Build.0 = Debug|Any CPU
		{DE0D253C-4840-4B5D-BC6A-BF77A4C5A31E}.Release|Any CPU.ActiveCfg = Release|Any CPU
		{DE0D253C-4840-4B5D-BC6A-BF77A4C5A31E}.Release|Any CPU.Build.0 = Release|Any CPU
		{DE0D253C-4840-4B5D-BC6A-BF77A4C5A31E}.Release|ARM.ActiveCfg = Release|Any CPU
		{DE0D253C-4840-4B5D-BC6A-BF77A4C5A31E}.Release|ARM.Build.0 = Release|Any CPU
		{DE0D253C-4840-4B5D-BC6A-BF77A4C5A31E}.Release|iPhone.ActiveCfg = Release|Any CPU
		{DE0D253C-4840-4B5D-BC6A-BF77A4C5A31E}.Release|iPhone.Build.0 = Release|Any CPU
		{DE0D253C-4840-4B5D-BC6A-BF77A4C5A31E}.Release|iPhoneSimulator.ActiveCfg = Release|Any CPU
		{DE0D253C-4840-4B5D-BC6A-BF77A4C5A31E}.Release|iPhoneSimulator.Build.0 = Release|Any CPU
		{DE0D253C-4840-4B5D-BC6A-BF77A4C5A31E}.Release|x64.ActiveCfg = Release|Any CPU
		{DE0D253C-4840-4B5D-BC6A-BF77A4C5A31E}.Release|x64.Build.0 = Release|Any CPU
		{DE0D253C-4840-4B5D-BC6A-BF77A4C5A31E}.Release|x86.ActiveCfg = Release|Any CPU
		{DE0D253C-4840-4B5D-BC6A-BF77A4C5A31E}.Release|x86.Build.0 = Release|Any CPU
		{4598D4C6-B14D-4BC7-8D19-EE3CD6D83ECF}.Ad-Hoc|Any CPU.ActiveCfg = Release|Any CPU
		{4598D4C6-B14D-4BC7-8D19-EE3CD6D83ECF}.Ad-Hoc|Any CPU.Build.0 = Release|Any CPU
		{4598D4C6-B14D-4BC7-8D19-EE3CD6D83ECF}.Ad-Hoc|Any CPU.Deploy.0 = Release|Any CPU
		{4598D4C6-B14D-4BC7-8D19-EE3CD6D83ECF}.Ad-Hoc|ARM.ActiveCfg = Release|Any CPU
		{4598D4C6-B14D-4BC7-8D19-EE3CD6D83ECF}.Ad-Hoc|ARM.Build.0 = Release|Any CPU
		{4598D4C6-B14D-4BC7-8D19-EE3CD6D83ECF}.Ad-Hoc|ARM.Deploy.0 = Release|Any CPU
		{4598D4C6-B14D-4BC7-8D19-EE3CD6D83ECF}.Ad-Hoc|iPhone.ActiveCfg = Release|Any CPU
		{4598D4C6-B14D-4BC7-8D19-EE3CD6D83ECF}.Ad-Hoc|iPhone.Build.0 = Release|Any CPU
		{4598D4C6-B14D-4BC7-8D19-EE3CD6D83ECF}.Ad-Hoc|iPhone.Deploy.0 = Release|Any CPU
		{4598D4C6-B14D-4BC7-8D19-EE3CD6D83ECF}.Ad-Hoc|iPhoneSimulator.ActiveCfg = Release|Any CPU
		{4598D4C6-B14D-4BC7-8D19-EE3CD6D83ECF}.Ad-Hoc|iPhoneSimulator.Build.0 = Release|Any CPU
		{4598D4C6-B14D-4BC7-8D19-EE3CD6D83ECF}.Ad-Hoc|iPhoneSimulator.Deploy.0 = Release|Any CPU
		{4598D4C6-B14D-4BC7-8D19-EE3CD6D83ECF}.Ad-Hoc|x64.ActiveCfg = Release|Any CPU
		{4598D4C6-B14D-4BC7-8D19-EE3CD6D83ECF}.Ad-Hoc|x64.Build.0 = Release|Any CPU
		{4598D4C6-B14D-4BC7-8D19-EE3CD6D83ECF}.Ad-Hoc|x64.Deploy.0 = Release|Any CPU
		{4598D4C6-B14D-4BC7-8D19-EE3CD6D83ECF}.Ad-Hoc|x86.ActiveCfg = Release|Any CPU
		{4598D4C6-B14D-4BC7-8D19-EE3CD6D83ECF}.Ad-Hoc|x86.Build.0 = Release|Any CPU
		{4598D4C6-B14D-4BC7-8D19-EE3CD6D83ECF}.Ad-Hoc|x86.Deploy.0 = Release|Any CPU
		{4598D4C6-B14D-4BC7-8D19-EE3CD6D83ECF}.AppStore|Any CPU.ActiveCfg = Release|Any CPU
		{4598D4C6-B14D-4BC7-8D19-EE3CD6D83ECF}.AppStore|Any CPU.Build.0 = Release|Any CPU
		{4598D4C6-B14D-4BC7-8D19-EE3CD6D83ECF}.AppStore|Any CPU.Deploy.0 = Release|Any CPU
		{4598D4C6-B14D-4BC7-8D19-EE3CD6D83ECF}.AppStore|ARM.ActiveCfg = Release|Any CPU
		{4598D4C6-B14D-4BC7-8D19-EE3CD6D83ECF}.AppStore|ARM.Build.0 = Release|Any CPU
		{4598D4C6-B14D-4BC7-8D19-EE3CD6D83ECF}.AppStore|ARM.Deploy.0 = Release|Any CPU
		{4598D4C6-B14D-4BC7-8D19-EE3CD6D83ECF}.AppStore|iPhone.ActiveCfg = Release|Any CPU
		{4598D4C6-B14D-4BC7-8D19-EE3CD6D83ECF}.AppStore|iPhone.Build.0 = Release|Any CPU
		{4598D4C6-B14D-4BC7-8D19-EE3CD6D83ECF}.AppStore|iPhone.Deploy.0 = Release|Any CPU
		{4598D4C6-B14D-4BC7-8D19-EE3CD6D83ECF}.AppStore|iPhoneSimulator.ActiveCfg = Release|Any CPU
		{4598D4C6-B14D-4BC7-8D19-EE3CD6D83ECF}.AppStore|iPhoneSimulator.Build.0 = Release|Any CPU
		{4598D4C6-B14D-4BC7-8D19-EE3CD6D83ECF}.AppStore|iPhoneSimulator.Deploy.0 = Release|Any CPU
		{4598D4C6-B14D-4BC7-8D19-EE3CD6D83ECF}.AppStore|x64.ActiveCfg = Release|Any CPU
		{4598D4C6-B14D-4BC7-8D19-EE3CD6D83ECF}.AppStore|x64.Build.0 = Release|Any CPU
		{4598D4C6-B14D-4BC7-8D19-EE3CD6D83ECF}.AppStore|x64.Deploy.0 = Release|Any CPU
		{4598D4C6-B14D-4BC7-8D19-EE3CD6D83ECF}.AppStore|x86.ActiveCfg = Release|Any CPU
		{4598D4C6-B14D-4BC7-8D19-EE3CD6D83ECF}.AppStore|x86.Build.0 = Release|Any CPU
		{4598D4C6-B14D-4BC7-8D19-EE3CD6D83ECF}.AppStore|x86.Deploy.0 = Release|Any CPU
		{4598D4C6-B14D-4BC7-8D19-EE3CD6D83ECF}.Debug|Any CPU.ActiveCfg = Debug|Any CPU
		{4598D4C6-B14D-4BC7-8D19-EE3CD6D83ECF}.Debug|Any CPU.Build.0 = Debug|Any CPU
		{4598D4C6-B14D-4BC7-8D19-EE3CD6D83ECF}.Debug|Any CPU.Deploy.0 = Debug|Any CPU
		{4598D4C6-B14D-4BC7-8D19-EE3CD6D83ECF}.Debug|ARM.ActiveCfg = Debug|Any CPU
		{4598D4C6-B14D-4BC7-8D19-EE3CD6D83ECF}.Debug|ARM.Build.0 = Debug|Any CPU
		{4598D4C6-B14D-4BC7-8D19-EE3CD6D83ECF}.Debug|ARM.Deploy.0 = Debug|Any CPU
		{4598D4C6-B14D-4BC7-8D19-EE3CD6D83ECF}.Debug|iPhone.ActiveCfg = Debug|Any CPU
		{4598D4C6-B14D-4BC7-8D19-EE3CD6D83ECF}.Debug|iPhone.Build.0 = Debug|Any CPU
		{4598D4C6-B14D-4BC7-8D19-EE3CD6D83ECF}.Debug|iPhone.Deploy.0 = Debug|Any CPU
		{4598D4C6-B14D-4BC7-8D19-EE3CD6D83ECF}.Debug|iPhoneSimulator.ActiveCfg = Debug|Any CPU
		{4598D4C6-B14D-4BC7-8D19-EE3CD6D83ECF}.Debug|iPhoneSimulator.Build.0 = Debug|Any CPU
		{4598D4C6-B14D-4BC7-8D19-EE3CD6D83ECF}.Debug|iPhoneSimulator.Deploy.0 = Debug|Any CPU
		{4598D4C6-B14D-4BC7-8D19-EE3CD6D83ECF}.Debug|x64.ActiveCfg = Debug|Any CPU
		{4598D4C6-B14D-4BC7-8D19-EE3CD6D83ECF}.Debug|x64.Build.0 = Debug|Any CPU
		{4598D4C6-B14D-4BC7-8D19-EE3CD6D83ECF}.Debug|x64.Deploy.0 = Debug|Any CPU
		{4598D4C6-B14D-4BC7-8D19-EE3CD6D83ECF}.Debug|x86.ActiveCfg = Debug|Any CPU
		{4598D4C6-B14D-4BC7-8D19-EE3CD6D83ECF}.Debug|x86.Build.0 = Debug|Any CPU
		{4598D4C6-B14D-4BC7-8D19-EE3CD6D83ECF}.Debug|x86.Deploy.0 = Debug|Any CPU
		{4598D4C6-B14D-4BC7-8D19-EE3CD6D83ECF}.Release|Any CPU.ActiveCfg = Release|Any CPU
		{4598D4C6-B14D-4BC7-8D19-EE3CD6D83ECF}.Release|Any CPU.Build.0 = Release|Any CPU
		{4598D4C6-B14D-4BC7-8D19-EE3CD6D83ECF}.Release|Any CPU.Deploy.0 = Release|Any CPU
		{4598D4C6-B14D-4BC7-8D19-EE3CD6D83ECF}.Release|ARM.ActiveCfg = Release|Any CPU
		{4598D4C6-B14D-4BC7-8D19-EE3CD6D83ECF}.Release|ARM.Build.0 = Release|Any CPU
		{4598D4C6-B14D-4BC7-8D19-EE3CD6D83ECF}.Release|ARM.Deploy.0 = Release|Any CPU
		{4598D4C6-B14D-4BC7-8D19-EE3CD6D83ECF}.Release|iPhone.ActiveCfg = Release|Any CPU
		{4598D4C6-B14D-4BC7-8D19-EE3CD6D83ECF}.Release|iPhone.Build.0 = Release|Any CPU
		{4598D4C6-B14D-4BC7-8D19-EE3CD6D83ECF}.Release|iPhone.Deploy.0 = Release|Any CPU
		{4598D4C6-B14D-4BC7-8D19-EE3CD6D83ECF}.Release|iPhoneSimulator.ActiveCfg = Release|Any CPU
		{4598D4C6-B14D-4BC7-8D19-EE3CD6D83ECF}.Release|iPhoneSimulator.Build.0 = Release|Any CPU
		{4598D4C6-B14D-4BC7-8D19-EE3CD6D83ECF}.Release|iPhoneSimulator.Deploy.0 = Release|Any CPU
		{4598D4C6-B14D-4BC7-8D19-EE3CD6D83ECF}.Release|x64.ActiveCfg = Release|Any CPU
		{4598D4C6-B14D-4BC7-8D19-EE3CD6D83ECF}.Release|x64.Build.0 = Release|Any CPU
		{4598D4C6-B14D-4BC7-8D19-EE3CD6D83ECF}.Release|x64.Deploy.0 = Release|Any CPU
		{4598D4C6-B14D-4BC7-8D19-EE3CD6D83ECF}.Release|x86.ActiveCfg = Release|Any CPU
		{4598D4C6-B14D-4BC7-8D19-EE3CD6D83ECF}.Release|x86.Build.0 = Release|Any CPU
		{4598D4C6-B14D-4BC7-8D19-EE3CD6D83ECF}.Release|x86.Deploy.0 = Release|Any CPU
		{BFF54B39-3F5B-4D61-96CB-966EB47F862E}.Ad-Hoc|Any CPU.ActiveCfg = Ad-Hoc|iPhone
		{BFF54B39-3F5B-4D61-96CB-966EB47F862E}.Ad-Hoc|ARM.ActiveCfg = Ad-Hoc|iPhone
		{BFF54B39-3F5B-4D61-96CB-966EB47F862E}.Ad-Hoc|iPhone.ActiveCfg = Ad-Hoc|iPhone
		{BFF54B39-3F5B-4D61-96CB-966EB47F862E}.Ad-Hoc|iPhone.Build.0 = Ad-Hoc|iPhone
		{BFF54B39-3F5B-4D61-96CB-966EB47F862E}.Ad-Hoc|iPhoneSimulator.ActiveCfg = Ad-Hoc|iPhoneSimulator
		{BFF54B39-3F5B-4D61-96CB-966EB47F862E}.Ad-Hoc|iPhoneSimulator.Build.0 = Ad-Hoc|iPhoneSimulator
		{BFF54B39-3F5B-4D61-96CB-966EB47F862E}.Ad-Hoc|x64.ActiveCfg = Ad-Hoc|iPhone
		{BFF54B39-3F5B-4D61-96CB-966EB47F862E}.Ad-Hoc|x86.ActiveCfg = Ad-Hoc|iPhone
		{BFF54B39-3F5B-4D61-96CB-966EB47F862E}.AppStore|Any CPU.ActiveCfg = AppStore|iPhone
		{BFF54B39-3F5B-4D61-96CB-966EB47F862E}.AppStore|ARM.ActiveCfg = AppStore|iPhone
		{BFF54B39-3F5B-4D61-96CB-966EB47F862E}.AppStore|iPhone.ActiveCfg = AppStore|iPhone
		{BFF54B39-3F5B-4D61-96CB-966EB47F862E}.AppStore|iPhone.Build.0 = AppStore|iPhone
		{BFF54B39-3F5B-4D61-96CB-966EB47F862E}.AppStore|iPhoneSimulator.ActiveCfg = AppStore|iPhoneSimulator
		{BFF54B39-3F5B-4D61-96CB-966EB47F862E}.AppStore|iPhoneSimulator.Build.0 = AppStore|iPhoneSimulator
		{BFF54B39-3F5B-4D61-96CB-966EB47F862E}.AppStore|x64.ActiveCfg = AppStore|iPhone
		{BFF54B39-3F5B-4D61-96CB-966EB47F862E}.AppStore|x86.ActiveCfg = AppStore|iPhone
		{BFF54B39-3F5B-4D61-96CB-966EB47F862E}.Debug|Any CPU.ActiveCfg = Debug|iPhone
		{BFF54B39-3F5B-4D61-96CB-966EB47F862E}.Debug|ARM.ActiveCfg = Debug|iPhone
		{BFF54B39-3F5B-4D61-96CB-966EB47F862E}.Debug|iPhone.ActiveCfg = Debug|iPhone
		{BFF54B39-3F5B-4D61-96CB-966EB47F862E}.Debug|iPhone.Build.0 = Debug|iPhone
		{BFF54B39-3F5B-4D61-96CB-966EB47F862E}.Debug|iPhoneSimulator.ActiveCfg = Debug|iPhoneSimulator
		{BFF54B39-3F5B-4D61-96CB-966EB47F862E}.Debug|iPhoneSimulator.Build.0 = Debug|iPhoneSimulator
		{BFF54B39-3F5B-4D61-96CB-966EB47F862E}.Debug|x64.ActiveCfg = Debug|iPhone
		{BFF54B39-3F5B-4D61-96CB-966EB47F862E}.Debug|x86.ActiveCfg = Debug|iPhone
		{BFF54B39-3F5B-4D61-96CB-966EB47F862E}.Release|Any CPU.ActiveCfg = Release|iPhone
		{BFF54B39-3F5B-4D61-96CB-966EB47F862E}.Release|ARM.ActiveCfg = Release|iPhone
		{BFF54B39-3F5B-4D61-96CB-966EB47F862E}.Release|iPhone.ActiveCfg = Release|iPhone
		{BFF54B39-3F5B-4D61-96CB-966EB47F862E}.Release|iPhone.Build.0 = Release|iPhone
		{BFF54B39-3F5B-4D61-96CB-966EB47F862E}.Release|iPhoneSimulator.ActiveCfg = Release|iPhoneSimulator
		{BFF54B39-3F5B-4D61-96CB-966EB47F862E}.Release|iPhoneSimulator.Build.0 = Release|iPhoneSimulator
		{BFF54B39-3F5B-4D61-96CB-966EB47F862E}.Release|x64.ActiveCfg = Release|iPhone
		{BFF54B39-3F5B-4D61-96CB-966EB47F862E}.Release|x86.ActiveCfg = Release|iPhone
		{680D8FD8-2CD3-43FB-A656-A293D52D237D}.Ad-Hoc|Any CPU.ActiveCfg = Release|x86
		{680D8FD8-2CD3-43FB-A656-A293D52D237D}.Ad-Hoc|Any CPU.Build.0 = Release|x86
		{680D8FD8-2CD3-43FB-A656-A293D52D237D}.Ad-Hoc|Any CPU.Deploy.0 = Release|x86
		{680D8FD8-2CD3-43FB-A656-A293D52D237D}.Ad-Hoc|ARM.ActiveCfg = Release|ARM
		{680D8FD8-2CD3-43FB-A656-A293D52D237D}.Ad-Hoc|ARM.Build.0 = Release|ARM
		{680D8FD8-2CD3-43FB-A656-A293D52D237D}.Ad-Hoc|ARM.Deploy.0 = Release|ARM
		{680D8FD8-2CD3-43FB-A656-A293D52D237D}.Ad-Hoc|iPhone.ActiveCfg = Release|x86
		{680D8FD8-2CD3-43FB-A656-A293D52D237D}.Ad-Hoc|iPhone.Build.0 = Release|x86
		{680D8FD8-2CD3-43FB-A656-A293D52D237D}.Ad-Hoc|iPhone.Deploy.0 = Release|x86
		{680D8FD8-2CD3-43FB-A656-A293D52D237D}.Ad-Hoc|iPhoneSimulator.ActiveCfg = Release|x86
		{680D8FD8-2CD3-43FB-A656-A293D52D237D}.Ad-Hoc|iPhoneSimulator.Build.0 = Release|x86
		{680D8FD8-2CD3-43FB-A656-A293D52D237D}.Ad-Hoc|iPhoneSimulator.Deploy.0 = Release|x86
		{680D8FD8-2CD3-43FB-A656-A293D52D237D}.Ad-Hoc|x64.ActiveCfg = Release|x64
		{680D8FD8-2CD3-43FB-A656-A293D52D237D}.Ad-Hoc|x64.Build.0 = Release|x64
		{680D8FD8-2CD3-43FB-A656-A293D52D237D}.Ad-Hoc|x64.Deploy.0 = Release|x64
		{680D8FD8-2CD3-43FB-A656-A293D52D237D}.Ad-Hoc|x86.ActiveCfg = Release|x86
		{680D8FD8-2CD3-43FB-A656-A293D52D237D}.Ad-Hoc|x86.Build.0 = Release|x86
		{680D8FD8-2CD3-43FB-A656-A293D52D237D}.Ad-Hoc|x86.Deploy.0 = Release|x86
		{680D8FD8-2CD3-43FB-A656-A293D52D237D}.AppStore|Any CPU.ActiveCfg = Release|x86
		{680D8FD8-2CD3-43FB-A656-A293D52D237D}.AppStore|Any CPU.Build.0 = Release|x86
		{680D8FD8-2CD3-43FB-A656-A293D52D237D}.AppStore|Any CPU.Deploy.0 = Release|x86
		{680D8FD8-2CD3-43FB-A656-A293D52D237D}.AppStore|ARM.ActiveCfg = Release|ARM
		{680D8FD8-2CD3-43FB-A656-A293D52D237D}.AppStore|ARM.Build.0 = Release|ARM
		{680D8FD8-2CD3-43FB-A656-A293D52D237D}.AppStore|ARM.Deploy.0 = Release|ARM
		{680D8FD8-2CD3-43FB-A656-A293D52D237D}.AppStore|iPhone.ActiveCfg = Release|x86
		{680D8FD8-2CD3-43FB-A656-A293D52D237D}.AppStore|iPhone.Build.0 = Release|x86
		{680D8FD8-2CD3-43FB-A656-A293D52D237D}.AppStore|iPhone.Deploy.0 = Release|x86
		{680D8FD8-2CD3-43FB-A656-A293D52D237D}.AppStore|iPhoneSimulator.ActiveCfg = Release|x86
		{680D8FD8-2CD3-43FB-A656-A293D52D237D}.AppStore|iPhoneSimulator.Build.0 = Release|x86
		{680D8FD8-2CD3-43FB-A656-A293D52D237D}.AppStore|iPhoneSimulator.Deploy.0 = Release|x86
		{680D8FD8-2CD3-43FB-A656-A293D52D237D}.AppStore|x64.ActiveCfg = Release|x64
		{680D8FD8-2CD3-43FB-A656-A293D52D237D}.AppStore|x64.Build.0 = Release|x64
		{680D8FD8-2CD3-43FB-A656-A293D52D237D}.AppStore|x64.Deploy.0 = Release|x64
		{680D8FD8-2CD3-43FB-A656-A293D52D237D}.AppStore|x86.ActiveCfg = Release|x86
		{680D8FD8-2CD3-43FB-A656-A293D52D237D}.AppStore|x86.Build.0 = Release|x86
		{680D8FD8-2CD3-43FB-A656-A293D52D237D}.AppStore|x86.Deploy.0 = Release|x86
		{680D8FD8-2CD3-43FB-A656-A293D52D237D}.Debug|Any CPU.ActiveCfg = Debug|x86
		{680D8FD8-2CD3-43FB-A656-A293D52D237D}.Debug|ARM.ActiveCfg = Debug|ARM
		{680D8FD8-2CD3-43FB-A656-A293D52D237D}.Debug|ARM.Build.0 = Debug|ARM
		{680D8FD8-2CD3-43FB-A656-A293D52D237D}.Debug|ARM.Deploy.0 = Debug|ARM
		{680D8FD8-2CD3-43FB-A656-A293D52D237D}.Debug|iPhone.ActiveCfg = Debug|x86
		{680D8FD8-2CD3-43FB-A656-A293D52D237D}.Debug|iPhoneSimulator.ActiveCfg = Debug|x86
		{680D8FD8-2CD3-43FB-A656-A293D52D237D}.Debug|x64.ActiveCfg = Debug|x64
		{680D8FD8-2CD3-43FB-A656-A293D52D237D}.Debug|x64.Build.0 = Debug|x64
		{680D8FD8-2CD3-43FB-A656-A293D52D237D}.Debug|x64.Deploy.0 = Debug|x64
		{680D8FD8-2CD3-43FB-A656-A293D52D237D}.Debug|x86.ActiveCfg = Debug|x86
		{680D8FD8-2CD3-43FB-A656-A293D52D237D}.Debug|x86.Build.0 = Debug|x86
		{680D8FD8-2CD3-43FB-A656-A293D52D237D}.Debug|x86.Deploy.0 = Debug|x86
		{680D8FD8-2CD3-43FB-A656-A293D52D237D}.Release|Any CPU.ActiveCfg = Release|x86
		{680D8FD8-2CD3-43FB-A656-A293D52D237D}.Release|ARM.ActiveCfg = Release|ARM
		{680D8FD8-2CD3-43FB-A656-A293D52D237D}.Release|ARM.Build.0 = Release|ARM
		{680D8FD8-2CD3-43FB-A656-A293D52D237D}.Release|ARM.Deploy.0 = Release|ARM
		{680D8FD8-2CD3-43FB-A656-A293D52D237D}.Release|iPhone.ActiveCfg = Release|x86
		{680D8FD8-2CD3-43FB-A656-A293D52D237D}.Release|iPhoneSimulator.ActiveCfg = Release|x86
		{680D8FD8-2CD3-43FB-A656-A293D52D237D}.Release|x64.ActiveCfg = Release|x64
		{680D8FD8-2CD3-43FB-A656-A293D52D237D}.Release|x64.Build.0 = Release|x64
		{680D8FD8-2CD3-43FB-A656-A293D52D237D}.Release|x64.Deploy.0 = Release|x64
		{680D8FD8-2CD3-43FB-A656-A293D52D237D}.Release|x86.ActiveCfg = Release|x86
		{680D8FD8-2CD3-43FB-A656-A293D52D237D}.Release|x86.Build.0 = Release|x86
		{680D8FD8-2CD3-43FB-A656-A293D52D237D}.Release|x86.Deploy.0 = Release|x86
		{EE2C329D-7454-433D-94B5-A7A40FED83BD}.Ad-Hoc|Any CPU.ActiveCfg = Release|Any CPU
		{EE2C329D-7454-433D-94B5-A7A40FED83BD}.Ad-Hoc|Any CPU.Build.0 = Release|Any CPU
		{EE2C329D-7454-433D-94B5-A7A40FED83BD}.Ad-Hoc|ARM.ActiveCfg = Release|Any CPU
		{EE2C329D-7454-433D-94B5-A7A40FED83BD}.Ad-Hoc|ARM.Build.0 = Release|Any CPU
		{EE2C329D-7454-433D-94B5-A7A40FED83BD}.Ad-Hoc|iPhone.ActiveCfg = Release|Any CPU
		{EE2C329D-7454-433D-94B5-A7A40FED83BD}.Ad-Hoc|iPhone.Build.0 = Release|Any CPU
		{EE2C329D-7454-433D-94B5-A7A40FED83BD}.Ad-Hoc|iPhoneSimulator.ActiveCfg = Release|Any CPU
		{EE2C329D-7454-433D-94B5-A7A40FED83BD}.Ad-Hoc|iPhoneSimulator.Build.0 = Release|Any CPU
		{EE2C329D-7454-433D-94B5-A7A40FED83BD}.Ad-Hoc|x64.ActiveCfg = Release|Any CPU
		{EE2C329D-7454-433D-94B5-A7A40FED83BD}.Ad-Hoc|x64.Build.0 = Release|Any CPU
		{EE2C329D-7454-433D-94B5-A7A40FED83BD}.Ad-Hoc|x86.ActiveCfg = Release|Any CPU
		{EE2C329D-7454-433D-94B5-A7A40FED83BD}.Ad-Hoc|x86.Build.0 = Release|Any CPU
		{EE2C329D-7454-433D-94B5-A7A40FED83BD}.AppStore|Any CPU.ActiveCfg = Release|Any CPU
		{EE2C329D-7454-433D-94B5-A7A40FED83BD}.AppStore|Any CPU.Build.0 = Release|Any CPU
		{EE2C329D-7454-433D-94B5-A7A40FED83BD}.AppStore|ARM.ActiveCfg = Release|Any CPU
		{EE2C329D-7454-433D-94B5-A7A40FED83BD}.AppStore|ARM.Build.0 = Release|Any CPU
		{EE2C329D-7454-433D-94B5-A7A40FED83BD}.AppStore|iPhone.ActiveCfg = Release|Any CPU
		{EE2C329D-7454-433D-94B5-A7A40FED83BD}.AppStore|iPhone.Build.0 = Release|Any CPU
		{EE2C329D-7454-433D-94B5-A7A40FED83BD}.AppStore|iPhoneSimulator.ActiveCfg = Release|Any CPU
		{EE2C329D-7454-433D-94B5-A7A40FED83BD}.AppStore|iPhoneSimulator.Build.0 = Release|Any CPU
		{EE2C329D-7454-433D-94B5-A7A40FED83BD}.AppStore|x64.ActiveCfg = Release|Any CPU
		{EE2C329D-7454-433D-94B5-A7A40FED83BD}.AppStore|x64.Build.0 = Release|Any CPU
		{EE2C329D-7454-433D-94B5-A7A40FED83BD}.AppStore|x86.ActiveCfg = Release|Any CPU
		{EE2C329D-7454-433D-94B5-A7A40FED83BD}.AppStore|x86.Build.0 = Release|Any CPU
		{EE2C329D-7454-433D-94B5-A7A40FED83BD}.Debug|Any CPU.ActiveCfg = Debug|Any CPU
		{EE2C329D-7454-433D-94B5-A7A40FED83BD}.Debug|Any CPU.Build.0 = Debug|Any CPU
		{EE2C329D-7454-433D-94B5-A7A40FED83BD}.Debug|ARM.ActiveCfg = Debug|Any CPU
		{EE2C329D-7454-433D-94B5-A7A40FED83BD}.Debug|ARM.Build.0 = Debug|Any CPU
		{EE2C329D-7454-433D-94B5-A7A40FED83BD}.Debug|iPhone.ActiveCfg = Debug|Any CPU
		{EE2C329D-7454-433D-94B5-A7A40FED83BD}.Debug|iPhone.Build.0 = Debug|Any CPU
		{EE2C329D-7454-433D-94B5-A7A40FED83BD}.Debug|iPhoneSimulator.ActiveCfg = Debug|Any CPU
		{EE2C329D-7454-433D-94B5-A7A40FED83BD}.Debug|iPhoneSimulator.Build.0 = Debug|Any CPU
		{EE2C329D-7454-433D-94B5-A7A40FED83BD}.Debug|x64.ActiveCfg = Debug|Any CPU
		{EE2C329D-7454-433D-94B5-A7A40FED83BD}.Debug|x64.Build.0 = Debug|Any CPU
		{EE2C329D-7454-433D-94B5-A7A40FED83BD}.Debug|x86.ActiveCfg = Debug|Any CPU
		{EE2C329D-7454-433D-94B5-A7A40FED83BD}.Debug|x86.Build.0 = Debug|Any CPU
		{EE2C329D-7454-433D-94B5-A7A40FED83BD}.Release|Any CPU.ActiveCfg = Release|Any CPU
		{EE2C329D-7454-433D-94B5-A7A40FED83BD}.Release|Any CPU.Build.0 = Release|Any CPU
		{EE2C329D-7454-433D-94B5-A7A40FED83BD}.Release|ARM.ActiveCfg = Release|Any CPU
		{EE2C329D-7454-433D-94B5-A7A40FED83BD}.Release|ARM.Build.0 = Release|Any CPU
		{EE2C329D-7454-433D-94B5-A7A40FED83BD}.Release|iPhone.ActiveCfg = Release|Any CPU
		{EE2C329D-7454-433D-94B5-A7A40FED83BD}.Release|iPhone.Build.0 = Release|Any CPU
		{EE2C329D-7454-433D-94B5-A7A40FED83BD}.Release|iPhoneSimulator.ActiveCfg = Release|Any CPU
		{EE2C329D-7454-433D-94B5-A7A40FED83BD}.Release|iPhoneSimulator.Build.0 = Release|Any CPU
		{EE2C329D-7454-433D-94B5-A7A40FED83BD}.Release|x64.ActiveCfg = Release|Any CPU
		{EE2C329D-7454-433D-94B5-A7A40FED83BD}.Release|x64.Build.0 = Release|Any CPU
		{EE2C329D-7454-433D-94B5-A7A40FED83BD}.Release|x86.ActiveCfg = Release|Any CPU
		{EE2C329D-7454-433D-94B5-A7A40FED83BD}.Release|x86.Build.0 = Release|Any CPU
		{3F8E9301-E27F-4E58-AA15-8B5329339C2E}.Ad-Hoc|Any CPU.ActiveCfg = Release|Any CPU
		{3F8E9301-E27F-4E58-AA15-8B5329339C2E}.Ad-Hoc|Any CPU.Build.0 = Release|Any CPU
		{3F8E9301-E27F-4E58-AA15-8B5329339C2E}.Ad-Hoc|Any CPU.Deploy.0 = Release|Any CPU
		{3F8E9301-E27F-4E58-AA15-8B5329339C2E}.Ad-Hoc|ARM.ActiveCfg = Release|Any CPU
		{3F8E9301-E27F-4E58-AA15-8B5329339C2E}.Ad-Hoc|ARM.Build.0 = Release|Any CPU
		{3F8E9301-E27F-4E58-AA15-8B5329339C2E}.Ad-Hoc|ARM.Deploy.0 = Release|Any CPU
		{3F8E9301-E27F-4E58-AA15-8B5329339C2E}.Ad-Hoc|iPhone.ActiveCfg = Release|Any CPU
		{3F8E9301-E27F-4E58-AA15-8B5329339C2E}.Ad-Hoc|iPhone.Build.0 = Release|Any CPU
		{3F8E9301-E27F-4E58-AA15-8B5329339C2E}.Ad-Hoc|iPhone.Deploy.0 = Release|Any CPU
		{3F8E9301-E27F-4E58-AA15-8B5329339C2E}.Ad-Hoc|iPhoneSimulator.ActiveCfg = Release|Any CPU
		{3F8E9301-E27F-4E58-AA15-8B5329339C2E}.Ad-Hoc|iPhoneSimulator.Build.0 = Release|Any CPU
		{3F8E9301-E27F-4E58-AA15-8B5329339C2E}.Ad-Hoc|iPhoneSimulator.Deploy.0 = Release|Any CPU
		{3F8E9301-E27F-4E58-AA15-8B5329339C2E}.Ad-Hoc|x64.ActiveCfg = Release|Any CPU
		{3F8E9301-E27F-4E58-AA15-8B5329339C2E}.Ad-Hoc|x64.Build.0 = Release|Any CPU
		{3F8E9301-E27F-4E58-AA15-8B5329339C2E}.Ad-Hoc|x64.Deploy.0 = Release|Any CPU
		{3F8E9301-E27F-4E58-AA15-8B5329339C2E}.Ad-Hoc|x86.ActiveCfg = Release|Any CPU
		{3F8E9301-E27F-4E58-AA15-8B5329339C2E}.Ad-Hoc|x86.Build.0 = Release|Any CPU
		{3F8E9301-E27F-4E58-AA15-8B5329339C2E}.Ad-Hoc|x86.Deploy.0 = Release|Any CPU
		{3F8E9301-E27F-4E58-AA15-8B5329339C2E}.AppStore|Any CPU.ActiveCfg = Release|Any CPU
		{3F8E9301-E27F-4E58-AA15-8B5329339C2E}.AppStore|Any CPU.Build.0 = Release|Any CPU
		{3F8E9301-E27F-4E58-AA15-8B5329339C2E}.AppStore|Any CPU.Deploy.0 = Release|Any CPU
		{3F8E9301-E27F-4E58-AA15-8B5329339C2E}.AppStore|ARM.ActiveCfg = Release|Any CPU
		{3F8E9301-E27F-4E58-AA15-8B5329339C2E}.AppStore|ARM.Build.0 = Release|Any CPU
		{3F8E9301-E27F-4E58-AA15-8B5329339C2E}.AppStore|ARM.Deploy.0 = Release|Any CPU
		{3F8E9301-E27F-4E58-AA15-8B5329339C2E}.AppStore|iPhone.ActiveCfg = Release|Any CPU
		{3F8E9301-E27F-4E58-AA15-8B5329339C2E}.AppStore|iPhone.Build.0 = Release|Any CPU
		{3F8E9301-E27F-4E58-AA15-8B5329339C2E}.AppStore|iPhone.Deploy.0 = Release|Any CPU
		{3F8E9301-E27F-4E58-AA15-8B5329339C2E}.AppStore|iPhoneSimulator.ActiveCfg = Release|Any CPU
		{3F8E9301-E27F-4E58-AA15-8B5329339C2E}.AppStore|iPhoneSimulator.Build.0 = Release|Any CPU
		{3F8E9301-E27F-4E58-AA15-8B5329339C2E}.AppStore|iPhoneSimulator.Deploy.0 = Release|Any CPU
		{3F8E9301-E27F-4E58-AA15-8B5329339C2E}.AppStore|x64.ActiveCfg = Release|Any CPU
		{3F8E9301-E27F-4E58-AA15-8B5329339C2E}.AppStore|x64.Build.0 = Release|Any CPU
		{3F8E9301-E27F-4E58-AA15-8B5329339C2E}.AppStore|x64.Deploy.0 = Release|Any CPU
		{3F8E9301-E27F-4E58-AA15-8B5329339C2E}.AppStore|x86.ActiveCfg = Release|Any CPU
		{3F8E9301-E27F-4E58-AA15-8B5329339C2E}.AppStore|x86.Build.0 = Release|Any CPU
		{3F8E9301-E27F-4E58-AA15-8B5329339C2E}.AppStore|x86.Deploy.0 = Release|Any CPU
		{3F8E9301-E27F-4E58-AA15-8B5329339C2E}.Debug|Any CPU.ActiveCfg = Debug|Any CPU
		{3F8E9301-E27F-4E58-AA15-8B5329339C2E}.Debug|Any CPU.Build.0 = Debug|Any CPU
		{3F8E9301-E27F-4E58-AA15-8B5329339C2E}.Debug|Any CPU.Deploy.0 = Debug|Any CPU
		{3F8E9301-E27F-4E58-AA15-8B5329339C2E}.Debug|ARM.ActiveCfg = Debug|Any CPU
		{3F8E9301-E27F-4E58-AA15-8B5329339C2E}.Debug|ARM.Build.0 = Debug|Any CPU
		{3F8E9301-E27F-4E58-AA15-8B5329339C2E}.Debug|ARM.Deploy.0 = Debug|Any CPU
		{3F8E9301-E27F-4E58-AA15-8B5329339C2E}.Debug|iPhone.ActiveCfg = Debug|Any CPU
		{3F8E9301-E27F-4E58-AA15-8B5329339C2E}.Debug|iPhone.Build.0 = Debug|Any CPU
		{3F8E9301-E27F-4E58-AA15-8B5329339C2E}.Debug|iPhone.Deploy.0 = Debug|Any CPU
		{3F8E9301-E27F-4E58-AA15-8B5329339C2E}.Debug|iPhoneSimulator.ActiveCfg = Debug|Any CPU
		{3F8E9301-E27F-4E58-AA15-8B5329339C2E}.Debug|iPhoneSimulator.Build.0 = Debug|Any CPU
		{3F8E9301-E27F-4E58-AA15-8B5329339C2E}.Debug|iPhoneSimulator.Deploy.0 = Debug|Any CPU
		{3F8E9301-E27F-4E58-AA15-8B5329339C2E}.Debug|x64.ActiveCfg = Debug|Any CPU
		{3F8E9301-E27F-4E58-AA15-8B5329339C2E}.Debug|x64.Build.0 = Debug|Any CPU
		{3F8E9301-E27F-4E58-AA15-8B5329339C2E}.Debug|x64.Deploy.0 = Debug|Any CPU
		{3F8E9301-E27F-4E58-AA15-8B5329339C2E}.Debug|x86.ActiveCfg = Debug|Any CPU
		{3F8E9301-E27F-4E58-AA15-8B5329339C2E}.Debug|x86.Build.0 = Debug|Any CPU
		{3F8E9301-E27F-4E58-AA15-8B5329339C2E}.Debug|x86.Deploy.0 = Debug|Any CPU
		{3F8E9301-E27F-4E58-AA15-8B5329339C2E}.Release|Any CPU.ActiveCfg = Release|Any CPU
		{3F8E9301-E27F-4E58-AA15-8B5329339C2E}.Release|Any CPU.Build.0 = Release|Any CPU
		{3F8E9301-E27F-4E58-AA15-8B5329339C2E}.Release|Any CPU.Deploy.0 = Release|Any CPU
		{3F8E9301-E27F-4E58-AA15-8B5329339C2E}.Release|ARM.ActiveCfg = Release|Any CPU
		{3F8E9301-E27F-4E58-AA15-8B5329339C2E}.Release|ARM.Build.0 = Release|Any CPU
		{3F8E9301-E27F-4E58-AA15-8B5329339C2E}.Release|ARM.Deploy.0 = Release|Any CPU
		{3F8E9301-E27F-4E58-AA15-8B5329339C2E}.Release|iPhone.ActiveCfg = Release|Any CPU
		{3F8E9301-E27F-4E58-AA15-8B5329339C2E}.Release|iPhone.Build.0 = Release|Any CPU
		{3F8E9301-E27F-4E58-AA15-8B5329339C2E}.Release|iPhone.Deploy.0 = Release|Any CPU
		{3F8E9301-E27F-4E58-AA15-8B5329339C2E}.Release|iPhoneSimulator.ActiveCfg = Release|Any CPU
		{3F8E9301-E27F-4E58-AA15-8B5329339C2E}.Release|iPhoneSimulator.Build.0 = Release|Any CPU
		{3F8E9301-E27F-4E58-AA15-8B5329339C2E}.Release|iPhoneSimulator.Deploy.0 = Release|Any CPU
		{3F8E9301-E27F-4E58-AA15-8B5329339C2E}.Release|x64.ActiveCfg = Release|Any CPU
		{3F8E9301-E27F-4E58-AA15-8B5329339C2E}.Release|x64.Build.0 = Release|Any CPU
		{3F8E9301-E27F-4E58-AA15-8B5329339C2E}.Release|x64.Deploy.0 = Release|Any CPU
		{3F8E9301-E27F-4E58-AA15-8B5329339C2E}.Release|x86.ActiveCfg = Release|Any CPU
		{3F8E9301-E27F-4E58-AA15-8B5329339C2E}.Release|x86.Build.0 = Release|Any CPU
		{3F8E9301-E27F-4E58-AA15-8B5329339C2E}.Release|x86.Deploy.0 = Release|Any CPU
		{5277ED54-2561-4A12-9B12-3EB2A7C26E41}.Ad-Hoc|Any CPU.ActiveCfg = Ad-Hoc|iPhone
		{5277ED54-2561-4A12-9B12-3EB2A7C26E41}.Ad-Hoc|ARM.ActiveCfg = Ad-Hoc|iPhone
		{5277ED54-2561-4A12-9B12-3EB2A7C26E41}.Ad-Hoc|iPhone.ActiveCfg = Ad-Hoc|iPhone
		{5277ED54-2561-4A12-9B12-3EB2A7C26E41}.Ad-Hoc|iPhone.Build.0 = Ad-Hoc|iPhone
		{5277ED54-2561-4A12-9B12-3EB2A7C26E41}.Ad-Hoc|iPhoneSimulator.ActiveCfg = Ad-Hoc|iPhoneSimulator
		{5277ED54-2561-4A12-9B12-3EB2A7C26E41}.Ad-Hoc|iPhoneSimulator.Build.0 = Ad-Hoc|iPhoneSimulator
		{5277ED54-2561-4A12-9B12-3EB2A7C26E41}.Ad-Hoc|x64.ActiveCfg = Ad-Hoc|iPhone
		{5277ED54-2561-4A12-9B12-3EB2A7C26E41}.Ad-Hoc|x86.ActiveCfg = Ad-Hoc|iPhone
		{5277ED54-2561-4A12-9B12-3EB2A7C26E41}.AppStore|Any CPU.ActiveCfg = AppStore|iPhone
		{5277ED54-2561-4A12-9B12-3EB2A7C26E41}.AppStore|ARM.ActiveCfg = AppStore|iPhone
		{5277ED54-2561-4A12-9B12-3EB2A7C26E41}.AppStore|iPhone.ActiveCfg = AppStore|iPhone
		{5277ED54-2561-4A12-9B12-3EB2A7C26E41}.AppStore|iPhone.Build.0 = AppStore|iPhone
		{5277ED54-2561-4A12-9B12-3EB2A7C26E41}.AppStore|iPhoneSimulator.ActiveCfg = AppStore|iPhoneSimulator
		{5277ED54-2561-4A12-9B12-3EB2A7C26E41}.AppStore|iPhoneSimulator.Build.0 = AppStore|iPhoneSimulator
		{5277ED54-2561-4A12-9B12-3EB2A7C26E41}.AppStore|x64.ActiveCfg = AppStore|iPhone
		{5277ED54-2561-4A12-9B12-3EB2A7C26E41}.AppStore|x86.ActiveCfg = AppStore|iPhone
		{5277ED54-2561-4A12-9B12-3EB2A7C26E41}.Debug|Any CPU.ActiveCfg = Debug|iPhone
		{5277ED54-2561-4A12-9B12-3EB2A7C26E41}.Debug|ARM.ActiveCfg = Debug|iPhone
		{5277ED54-2561-4A12-9B12-3EB2A7C26E41}.Debug|iPhone.ActiveCfg = Debug|iPhone
		{5277ED54-2561-4A12-9B12-3EB2A7C26E41}.Debug|iPhone.Build.0 = Debug|iPhone
		{5277ED54-2561-4A12-9B12-3EB2A7C26E41}.Debug|iPhoneSimulator.ActiveCfg = Debug|iPhoneSimulator
		{5277ED54-2561-4A12-9B12-3EB2A7C26E41}.Debug|iPhoneSimulator.Build.0 = Debug|iPhoneSimulator
		{5277ED54-2561-4A12-9B12-3EB2A7C26E41}.Debug|x64.ActiveCfg = Debug|iPhone
		{5277ED54-2561-4A12-9B12-3EB2A7C26E41}.Debug|x86.ActiveCfg = Debug|iPhone
		{5277ED54-2561-4A12-9B12-3EB2A7C26E41}.Release|Any CPU.ActiveCfg = Release|iPhone
		{5277ED54-2561-4A12-9B12-3EB2A7C26E41}.Release|ARM.ActiveCfg = Release|iPhone
		{5277ED54-2561-4A12-9B12-3EB2A7C26E41}.Release|iPhone.ActiveCfg = Release|iPhone
		{5277ED54-2561-4A12-9B12-3EB2A7C26E41}.Release|iPhone.Build.0 = Release|iPhone
		{5277ED54-2561-4A12-9B12-3EB2A7C26E41}.Release|iPhoneSimulator.ActiveCfg = Release|iPhoneSimulator
		{5277ED54-2561-4A12-9B12-3EB2A7C26E41}.Release|iPhoneSimulator.Build.0 = Release|iPhoneSimulator
		{5277ED54-2561-4A12-9B12-3EB2A7C26E41}.Release|x64.ActiveCfg = Release|iPhone
		{5277ED54-2561-4A12-9B12-3EB2A7C26E41}.Release|x86.ActiveCfg = Release|iPhone
		{6956A6C4-C357-4955-8949-9DEFD3A6496B}.Ad-Hoc|Any CPU.ActiveCfg = Release|x86
		{6956A6C4-C357-4955-8949-9DEFD3A6496B}.Ad-Hoc|Any CPU.Build.0 = Release|x86
		{6956A6C4-C357-4955-8949-9DEFD3A6496B}.Ad-Hoc|Any CPU.Deploy.0 = Release|x86
		{6956A6C4-C357-4955-8949-9DEFD3A6496B}.Ad-Hoc|ARM.ActiveCfg = Release|ARM
		{6956A6C4-C357-4955-8949-9DEFD3A6496B}.Ad-Hoc|ARM.Build.0 = Release|ARM
		{6956A6C4-C357-4955-8949-9DEFD3A6496B}.Ad-Hoc|ARM.Deploy.0 = Release|ARM
		{6956A6C4-C357-4955-8949-9DEFD3A6496B}.Ad-Hoc|iPhone.ActiveCfg = Release|x86
		{6956A6C4-C357-4955-8949-9DEFD3A6496B}.Ad-Hoc|iPhone.Build.0 = Release|x86
		{6956A6C4-C357-4955-8949-9DEFD3A6496B}.Ad-Hoc|iPhone.Deploy.0 = Release|x86
		{6956A6C4-C357-4955-8949-9DEFD3A6496B}.Ad-Hoc|iPhoneSimulator.ActiveCfg = Release|x86
		{6956A6C4-C357-4955-8949-9DEFD3A6496B}.Ad-Hoc|iPhoneSimulator.Build.0 = Release|x86
		{6956A6C4-C357-4955-8949-9DEFD3A6496B}.Ad-Hoc|iPhoneSimulator.Deploy.0 = Release|x86
		{6956A6C4-C357-4955-8949-9DEFD3A6496B}.Ad-Hoc|x64.ActiveCfg = Release|x64
		{6956A6C4-C357-4955-8949-9DEFD3A6496B}.Ad-Hoc|x64.Build.0 = Release|x64
		{6956A6C4-C357-4955-8949-9DEFD3A6496B}.Ad-Hoc|x64.Deploy.0 = Release|x64
		{6956A6C4-C357-4955-8949-9DEFD3A6496B}.Ad-Hoc|x86.ActiveCfg = Release|x86
		{6956A6C4-C357-4955-8949-9DEFD3A6496B}.Ad-Hoc|x86.Build.0 = Release|x86
		{6956A6C4-C357-4955-8949-9DEFD3A6496B}.Ad-Hoc|x86.Deploy.0 = Release|x86
		{6956A6C4-C357-4955-8949-9DEFD3A6496B}.AppStore|Any CPU.ActiveCfg = Release|x86
		{6956A6C4-C357-4955-8949-9DEFD3A6496B}.AppStore|Any CPU.Build.0 = Release|x86
		{6956A6C4-C357-4955-8949-9DEFD3A6496B}.AppStore|Any CPU.Deploy.0 = Release|x86
		{6956A6C4-C357-4955-8949-9DEFD3A6496B}.AppStore|ARM.ActiveCfg = Release|ARM
		{6956A6C4-C357-4955-8949-9DEFD3A6496B}.AppStore|ARM.Build.0 = Release|ARM
		{6956A6C4-C357-4955-8949-9DEFD3A6496B}.AppStore|ARM.Deploy.0 = Release|ARM
		{6956A6C4-C357-4955-8949-9DEFD3A6496B}.AppStore|iPhone.ActiveCfg = Release|x86
		{6956A6C4-C357-4955-8949-9DEFD3A6496B}.AppStore|iPhone.Build.0 = Release|x86
		{6956A6C4-C357-4955-8949-9DEFD3A6496B}.AppStore|iPhone.Deploy.0 = Release|x86
		{6956A6C4-C357-4955-8949-9DEFD3A6496B}.AppStore|iPhoneSimulator.ActiveCfg = Release|x86
		{6956A6C4-C357-4955-8949-9DEFD3A6496B}.AppStore|iPhoneSimulator.Build.0 = Release|x86
		{6956A6C4-C357-4955-8949-9DEFD3A6496B}.AppStore|iPhoneSimulator.Deploy.0 = Release|x86
		{6956A6C4-C357-4955-8949-9DEFD3A6496B}.AppStore|x64.ActiveCfg = Release|x64
		{6956A6C4-C357-4955-8949-9DEFD3A6496B}.AppStore|x64.Build.0 = Release|x64
		{6956A6C4-C357-4955-8949-9DEFD3A6496B}.AppStore|x64.Deploy.0 = Release|x64
		{6956A6C4-C357-4955-8949-9DEFD3A6496B}.AppStore|x86.ActiveCfg = Release|x86
		{6956A6C4-C357-4955-8949-9DEFD3A6496B}.AppStore|x86.Build.0 = Release|x86
		{6956A6C4-C357-4955-8949-9DEFD3A6496B}.AppStore|x86.Deploy.0 = Release|x86
		{6956A6C4-C357-4955-8949-9DEFD3A6496B}.Debug|Any CPU.ActiveCfg = Debug|x86
		{6956A6C4-C357-4955-8949-9DEFD3A6496B}.Debug|ARM.ActiveCfg = Debug|ARM
		{6956A6C4-C357-4955-8949-9DEFD3A6496B}.Debug|ARM.Build.0 = Debug|ARM
		{6956A6C4-C357-4955-8949-9DEFD3A6496B}.Debug|ARM.Deploy.0 = Debug|ARM
		{6956A6C4-C357-4955-8949-9DEFD3A6496B}.Debug|iPhone.ActiveCfg = Debug|x86
		{6956A6C4-C357-4955-8949-9DEFD3A6496B}.Debug|iPhoneSimulator.ActiveCfg = Debug|x86
		{6956A6C4-C357-4955-8949-9DEFD3A6496B}.Debug|x64.ActiveCfg = Debug|x64
		{6956A6C4-C357-4955-8949-9DEFD3A6496B}.Debug|x64.Build.0 = Debug|x64
		{6956A6C4-C357-4955-8949-9DEFD3A6496B}.Debug|x64.Deploy.0 = Debug|x64
		{6956A6C4-C357-4955-8949-9DEFD3A6496B}.Debug|x86.ActiveCfg = Debug|x86
		{6956A6C4-C357-4955-8949-9DEFD3A6496B}.Debug|x86.Build.0 = Debug|x86
		{6956A6C4-C357-4955-8949-9DEFD3A6496B}.Debug|x86.Deploy.0 = Debug|x86
		{6956A6C4-C357-4955-8949-9DEFD3A6496B}.Release|Any CPU.ActiveCfg = Release|x86
		{6956A6C4-C357-4955-8949-9DEFD3A6496B}.Release|ARM.ActiveCfg = Release|ARM
		{6956A6C4-C357-4955-8949-9DEFD3A6496B}.Release|ARM.Build.0 = Release|ARM
		{6956A6C4-C357-4955-8949-9DEFD3A6496B}.Release|ARM.Deploy.0 = Release|ARM
		{6956A6C4-C357-4955-8949-9DEFD3A6496B}.Release|iPhone.ActiveCfg = Release|x86
		{6956A6C4-C357-4955-8949-9DEFD3A6496B}.Release|iPhoneSimulator.ActiveCfg = Release|x86
		{6956A6C4-C357-4955-8949-9DEFD3A6496B}.Release|x64.ActiveCfg = Release|x64
		{6956A6C4-C357-4955-8949-9DEFD3A6496B}.Release|x64.Build.0 = Release|x64
		{6956A6C4-C357-4955-8949-9DEFD3A6496B}.Release|x64.Deploy.0 = Release|x64
		{6956A6C4-C357-4955-8949-9DEFD3A6496B}.Release|x86.ActiveCfg = Release|x86
		{6956A6C4-C357-4955-8949-9DEFD3A6496B}.Release|x86.Build.0 = Release|x86
		{6956A6C4-C357-4955-8949-9DEFD3A6496B}.Release|x86.Deploy.0 = Release|x86
		{43C7A016-7616-407E-92BA-662E2CDE505C}.Ad-Hoc|Any CPU.ActiveCfg = Release|Any CPU
		{43C7A016-7616-407E-92BA-662E2CDE505C}.Ad-Hoc|Any CPU.Build.0 = Release|Any CPU
		{43C7A016-7616-407E-92BA-662E2CDE505C}.Ad-Hoc|ARM.ActiveCfg = Release|Any CPU
		{43C7A016-7616-407E-92BA-662E2CDE505C}.Ad-Hoc|ARM.Build.0 = Release|Any CPU
		{43C7A016-7616-407E-92BA-662E2CDE505C}.Ad-Hoc|iPhone.ActiveCfg = Release|Any CPU
		{43C7A016-7616-407E-92BA-662E2CDE505C}.Ad-Hoc|iPhone.Build.0 = Release|Any CPU
		{43C7A016-7616-407E-92BA-662E2CDE505C}.Ad-Hoc|iPhoneSimulator.ActiveCfg = Release|Any CPU
		{43C7A016-7616-407E-92BA-662E2CDE505C}.Ad-Hoc|iPhoneSimulator.Build.0 = Release|Any CPU
		{43C7A016-7616-407E-92BA-662E2CDE505C}.Ad-Hoc|x64.ActiveCfg = Release|Any CPU
		{43C7A016-7616-407E-92BA-662E2CDE505C}.Ad-Hoc|x64.Build.0 = Release|Any CPU
		{43C7A016-7616-407E-92BA-662E2CDE505C}.Ad-Hoc|x86.ActiveCfg = Release|Any CPU
		{43C7A016-7616-407E-92BA-662E2CDE505C}.Ad-Hoc|x86.Build.0 = Release|Any CPU
		{43C7A016-7616-407E-92BA-662E2CDE505C}.AppStore|Any CPU.ActiveCfg = Release|Any CPU
		{43C7A016-7616-407E-92BA-662E2CDE505C}.AppStore|Any CPU.Build.0 = Release|Any CPU
		{43C7A016-7616-407E-92BA-662E2CDE505C}.AppStore|ARM.ActiveCfg = Release|Any CPU
		{43C7A016-7616-407E-92BA-662E2CDE505C}.AppStore|ARM.Build.0 = Release|Any CPU
		{43C7A016-7616-407E-92BA-662E2CDE505C}.AppStore|iPhone.ActiveCfg = Release|Any CPU
		{43C7A016-7616-407E-92BA-662E2CDE505C}.AppStore|iPhone.Build.0 = Release|Any CPU
		{43C7A016-7616-407E-92BA-662E2CDE505C}.AppStore|iPhoneSimulator.ActiveCfg = Release|Any CPU
		{43C7A016-7616-407E-92BA-662E2CDE505C}.AppStore|iPhoneSimulator.Build.0 = Release|Any CPU
		{43C7A016-7616-407E-92BA-662E2CDE505C}.AppStore|x64.ActiveCfg = Release|Any CPU
		{43C7A016-7616-407E-92BA-662E2CDE505C}.AppStore|x64.Build.0 = Release|Any CPU
		{43C7A016-7616-407E-92BA-662E2CDE505C}.AppStore|x86.ActiveCfg = Release|Any CPU
		{43C7A016-7616-407E-92BA-662E2CDE505C}.AppStore|x86.Build.0 = Release|Any CPU
		{43C7A016-7616-407E-92BA-662E2CDE505C}.Debug|Any CPU.ActiveCfg = Debug|Any CPU
		{43C7A016-7616-407E-92BA-662E2CDE505C}.Debug|Any CPU.Build.0 = Debug|Any CPU
		{43C7A016-7616-407E-92BA-662E2CDE505C}.Debug|ARM.ActiveCfg = Debug|Any CPU
		{43C7A016-7616-407E-92BA-662E2CDE505C}.Debug|ARM.Build.0 = Debug|Any CPU
		{43C7A016-7616-407E-92BA-662E2CDE505C}.Debug|iPhone.ActiveCfg = Debug|Any CPU
		{43C7A016-7616-407E-92BA-662E2CDE505C}.Debug|iPhone.Build.0 = Debug|Any CPU
		{43C7A016-7616-407E-92BA-662E2CDE505C}.Debug|iPhoneSimulator.ActiveCfg = Debug|Any CPU
		{43C7A016-7616-407E-92BA-662E2CDE505C}.Debug|iPhoneSimulator.Build.0 = Debug|Any CPU
		{43C7A016-7616-407E-92BA-662E2CDE505C}.Debug|x64.ActiveCfg = Debug|Any CPU
		{43C7A016-7616-407E-92BA-662E2CDE505C}.Debug|x64.Build.0 = Debug|Any CPU
		{43C7A016-7616-407E-92BA-662E2CDE505C}.Debug|x86.ActiveCfg = Debug|Any CPU
		{43C7A016-7616-407E-92BA-662E2CDE505C}.Debug|x86.Build.0 = Debug|Any CPU
		{43C7A016-7616-407E-92BA-662E2CDE505C}.Release|Any CPU.ActiveCfg = Release|Any CPU
		{43C7A016-7616-407E-92BA-662E2CDE505C}.Release|Any CPU.Build.0 = Release|Any CPU
		{43C7A016-7616-407E-92BA-662E2CDE505C}.Release|ARM.ActiveCfg = Release|Any CPU
		{43C7A016-7616-407E-92BA-662E2CDE505C}.Release|ARM.Build.0 = Release|Any CPU
		{43C7A016-7616-407E-92BA-662E2CDE505C}.Release|iPhone.ActiveCfg = Release|Any CPU
		{43C7A016-7616-407E-92BA-662E2CDE505C}.Release|iPhone.Build.0 = Release|Any CPU
		{43C7A016-7616-407E-92BA-662E2CDE505C}.Release|iPhoneSimulator.ActiveCfg = Release|Any CPU
		{43C7A016-7616-407E-92BA-662E2CDE505C}.Release|iPhoneSimulator.Build.0 = Release|Any CPU
		{43C7A016-7616-407E-92BA-662E2CDE505C}.Release|x64.ActiveCfg = Release|Any CPU
		{43C7A016-7616-407E-92BA-662E2CDE505C}.Release|x64.Build.0 = Release|Any CPU
		{43C7A016-7616-407E-92BA-662E2CDE505C}.Release|x86.ActiveCfg = Release|Any CPU
		{43C7A016-7616-407E-92BA-662E2CDE505C}.Release|x86.Build.0 = Release|Any CPU
		{65BA3B71-D62D-4D05-B29A-7B8981A2AEF0}.Ad-Hoc|Any CPU.ActiveCfg = Release|Any CPU
		{65BA3B71-D62D-4D05-B29A-7B8981A2AEF0}.Ad-Hoc|Any CPU.Build.0 = Release|Any CPU
		{65BA3B71-D62D-4D05-B29A-7B8981A2AEF0}.Ad-Hoc|ARM.ActiveCfg = Release|Any CPU
		{65BA3B71-D62D-4D05-B29A-7B8981A2AEF0}.Ad-Hoc|ARM.Build.0 = Release|Any CPU
		{65BA3B71-D62D-4D05-B29A-7B8981A2AEF0}.Ad-Hoc|iPhone.ActiveCfg = Release|Any CPU
		{65BA3B71-D62D-4D05-B29A-7B8981A2AEF0}.Ad-Hoc|iPhone.Build.0 = Release|Any CPU
		{65BA3B71-D62D-4D05-B29A-7B8981A2AEF0}.Ad-Hoc|iPhoneSimulator.ActiveCfg = Release|Any CPU
		{65BA3B71-D62D-4D05-B29A-7B8981A2AEF0}.Ad-Hoc|iPhoneSimulator.Build.0 = Release|Any CPU
		{65BA3B71-D62D-4D05-B29A-7B8981A2AEF0}.Ad-Hoc|x64.ActiveCfg = Release|Any CPU
		{65BA3B71-D62D-4D05-B29A-7B8981A2AEF0}.Ad-Hoc|x64.Build.0 = Release|Any CPU
		{65BA3B71-D62D-4D05-B29A-7B8981A2AEF0}.Ad-Hoc|x86.ActiveCfg = Release|Any CPU
		{65BA3B71-D62D-4D05-B29A-7B8981A2AEF0}.Ad-Hoc|x86.Build.0 = Release|Any CPU
		{65BA3B71-D62D-4D05-B29A-7B8981A2AEF0}.AppStore|Any CPU.ActiveCfg = Release|Any CPU
		{65BA3B71-D62D-4D05-B29A-7B8981A2AEF0}.AppStore|Any CPU.Build.0 = Release|Any CPU
		{65BA3B71-D62D-4D05-B29A-7B8981A2AEF0}.AppStore|ARM.ActiveCfg = Release|Any CPU
		{65BA3B71-D62D-4D05-B29A-7B8981A2AEF0}.AppStore|ARM.Build.0 = Release|Any CPU
		{65BA3B71-D62D-4D05-B29A-7B8981A2AEF0}.AppStore|iPhone.ActiveCfg = Release|Any CPU
		{65BA3B71-D62D-4D05-B29A-7B8981A2AEF0}.AppStore|iPhone.Build.0 = Release|Any CPU
		{65BA3B71-D62D-4D05-B29A-7B8981A2AEF0}.AppStore|iPhoneSimulator.ActiveCfg = Release|Any CPU
		{65BA3B71-D62D-4D05-B29A-7B8981A2AEF0}.AppStore|iPhoneSimulator.Build.0 = Release|Any CPU
		{65BA3B71-D62D-4D05-B29A-7B8981A2AEF0}.AppStore|x64.ActiveCfg = Release|Any CPU
		{65BA3B71-D62D-4D05-B29A-7B8981A2AEF0}.AppStore|x64.Build.0 = Release|Any CPU
		{65BA3B71-D62D-4D05-B29A-7B8981A2AEF0}.AppStore|x86.ActiveCfg = Release|Any CPU
		{65BA3B71-D62D-4D05-B29A-7B8981A2AEF0}.AppStore|x86.Build.0 = Release|Any CPU
		{65BA3B71-D62D-4D05-B29A-7B8981A2AEF0}.Debug|Any CPU.ActiveCfg = Debug|Any CPU
		{65BA3B71-D62D-4D05-B29A-7B8981A2AEF0}.Debug|Any CPU.Build.0 = Debug|Any CPU
		{65BA3B71-D62D-4D05-B29A-7B8981A2AEF0}.Debug|ARM.ActiveCfg = Debug|Any CPU
		{65BA3B71-D62D-4D05-B29A-7B8981A2AEF0}.Debug|ARM.Build.0 = Debug|Any CPU
		{65BA3B71-D62D-4D05-B29A-7B8981A2AEF0}.Debug|iPhone.ActiveCfg = Debug|Any CPU
		{65BA3B71-D62D-4D05-B29A-7B8981A2AEF0}.Debug|iPhone.Build.0 = Debug|Any CPU
		{65BA3B71-D62D-4D05-B29A-7B8981A2AEF0}.Debug|iPhoneSimulator.ActiveCfg = Debug|Any CPU
		{65BA3B71-D62D-4D05-B29A-7B8981A2AEF0}.Debug|iPhoneSimulator.Build.0 = Debug|Any CPU
		{65BA3B71-D62D-4D05-B29A-7B8981A2AEF0}.Debug|x64.ActiveCfg = Debug|Any CPU
		{65BA3B71-D62D-4D05-B29A-7B8981A2AEF0}.Debug|x64.Build.0 = Debug|Any CPU
		{65BA3B71-D62D-4D05-B29A-7B8981A2AEF0}.Debug|x86.ActiveCfg = Debug|Any CPU
		{65BA3B71-D62D-4D05-B29A-7B8981A2AEF0}.Debug|x86.Build.0 = Debug|Any CPU
		{65BA3B71-D62D-4D05-B29A-7B8981A2AEF0}.Release|Any CPU.ActiveCfg = Release|Any CPU
		{65BA3B71-D62D-4D05-B29A-7B8981A2AEF0}.Release|Any CPU.Build.0 = Release|Any CPU
		{65BA3B71-D62D-4D05-B29A-7B8981A2AEF0}.Release|ARM.ActiveCfg = Release|Any CPU
		{65BA3B71-D62D-4D05-B29A-7B8981A2AEF0}.Release|ARM.Build.0 = Release|Any CPU
		{65BA3B71-D62D-4D05-B29A-7B8981A2AEF0}.Release|iPhone.ActiveCfg = Release|Any CPU
		{65BA3B71-D62D-4D05-B29A-7B8981A2AEF0}.Release|iPhone.Build.0 = Release|Any CPU
		{65BA3B71-D62D-4D05-B29A-7B8981A2AEF0}.Release|iPhoneSimulator.ActiveCfg = Release|Any CPU
		{65BA3B71-D62D-4D05-B29A-7B8981A2AEF0}.Release|iPhoneSimulator.Build.0 = Release|Any CPU
		{65BA3B71-D62D-4D05-B29A-7B8981A2AEF0}.Release|x64.ActiveCfg = Release|Any CPU
		{65BA3B71-D62D-4D05-B29A-7B8981A2AEF0}.Release|x64.Build.0 = Release|Any CPU
		{65BA3B71-D62D-4D05-B29A-7B8981A2AEF0}.Release|x86.ActiveCfg = Release|Any CPU
		{65BA3B71-D62D-4D05-B29A-7B8981A2AEF0}.Release|x86.Build.0 = Release|Any CPU
		{2029B98C-D0CE-40E2-97A9-9826F8B8E33F}.Ad-Hoc|Any CPU.ActiveCfg = Release|Any CPU
		{2029B98C-D0CE-40E2-97A9-9826F8B8E33F}.Ad-Hoc|Any CPU.Build.0 = Release|Any CPU
		{2029B98C-D0CE-40E2-97A9-9826F8B8E33F}.Ad-Hoc|ARM.ActiveCfg = Release|Any CPU
		{2029B98C-D0CE-40E2-97A9-9826F8B8E33F}.Ad-Hoc|ARM.Build.0 = Release|Any CPU
		{2029B98C-D0CE-40E2-97A9-9826F8B8E33F}.Ad-Hoc|iPhone.ActiveCfg = Release|Any CPU
		{2029B98C-D0CE-40E2-97A9-9826F8B8E33F}.Ad-Hoc|iPhone.Build.0 = Release|Any CPU
		{2029B98C-D0CE-40E2-97A9-9826F8B8E33F}.Ad-Hoc|iPhoneSimulator.ActiveCfg = Release|Any CPU
		{2029B98C-D0CE-40E2-97A9-9826F8B8E33F}.Ad-Hoc|iPhoneSimulator.Build.0 = Release|Any CPU
		{2029B98C-D0CE-40E2-97A9-9826F8B8E33F}.Ad-Hoc|x64.ActiveCfg = Release|Any CPU
		{2029B98C-D0CE-40E2-97A9-9826F8B8E33F}.Ad-Hoc|x64.Build.0 = Release|Any CPU
		{2029B98C-D0CE-40E2-97A9-9826F8B8E33F}.Ad-Hoc|x86.ActiveCfg = Release|Any CPU
		{2029B98C-D0CE-40E2-97A9-9826F8B8E33F}.Ad-Hoc|x86.Build.0 = Release|Any CPU
		{2029B98C-D0CE-40E2-97A9-9826F8B8E33F}.AppStore|Any CPU.ActiveCfg = Release|Any CPU
		{2029B98C-D0CE-40E2-97A9-9826F8B8E33F}.AppStore|Any CPU.Build.0 = Release|Any CPU
		{2029B98C-D0CE-40E2-97A9-9826F8B8E33F}.AppStore|ARM.ActiveCfg = Release|Any CPU
		{2029B98C-D0CE-40E2-97A9-9826F8B8E33F}.AppStore|ARM.Build.0 = Release|Any CPU
		{2029B98C-D0CE-40E2-97A9-9826F8B8E33F}.AppStore|iPhone.ActiveCfg = Release|Any CPU
		{2029B98C-D0CE-40E2-97A9-9826F8B8E33F}.AppStore|iPhone.Build.0 = Release|Any CPU
		{2029B98C-D0CE-40E2-97A9-9826F8B8E33F}.AppStore|iPhoneSimulator.ActiveCfg = Release|Any CPU
		{2029B98C-D0CE-40E2-97A9-9826F8B8E33F}.AppStore|iPhoneSimulator.Build.0 = Release|Any CPU
		{2029B98C-D0CE-40E2-97A9-9826F8B8E33F}.AppStore|x64.ActiveCfg = Release|Any CPU
		{2029B98C-D0CE-40E2-97A9-9826F8B8E33F}.AppStore|x64.Build.0 = Release|Any CPU
		{2029B98C-D0CE-40E2-97A9-9826F8B8E33F}.AppStore|x86.ActiveCfg = Release|Any CPU
		{2029B98C-D0CE-40E2-97A9-9826F8B8E33F}.AppStore|x86.Build.0 = Release|Any CPU
		{2029B98C-D0CE-40E2-97A9-9826F8B8E33F}.Debug|Any CPU.ActiveCfg = Debug|Any CPU
		{2029B98C-D0CE-40E2-97A9-9826F8B8E33F}.Debug|Any CPU.Build.0 = Debug|Any CPU
		{2029B98C-D0CE-40E2-97A9-9826F8B8E33F}.Debug|ARM.ActiveCfg = Debug|Any CPU
		{2029B98C-D0CE-40E2-97A9-9826F8B8E33F}.Debug|ARM.Build.0 = Debug|Any CPU
		{2029B98C-D0CE-40E2-97A9-9826F8B8E33F}.Debug|iPhone.ActiveCfg = Debug|Any CPU
		{2029B98C-D0CE-40E2-97A9-9826F8B8E33F}.Debug|iPhone.Build.0 = Debug|Any CPU
		{2029B98C-D0CE-40E2-97A9-9826F8B8E33F}.Debug|iPhoneSimulator.ActiveCfg = Debug|Any CPU
		{2029B98C-D0CE-40E2-97A9-9826F8B8E33F}.Debug|iPhoneSimulator.Build.0 = Debug|Any CPU
		{2029B98C-D0CE-40E2-97A9-9826F8B8E33F}.Debug|x64.ActiveCfg = Debug|Any CPU
		{2029B98C-D0CE-40E2-97A9-9826F8B8E33F}.Debug|x64.Build.0 = Debug|Any CPU
		{2029B98C-D0CE-40E2-97A9-9826F8B8E33F}.Debug|x86.ActiveCfg = Debug|Any CPU
		{2029B98C-D0CE-40E2-97A9-9826F8B8E33F}.Debug|x86.Build.0 = Debug|Any CPU
		{2029B98C-D0CE-40E2-97A9-9826F8B8E33F}.Release|Any CPU.ActiveCfg = Release|Any CPU
		{2029B98C-D0CE-40E2-97A9-9826F8B8E33F}.Release|Any CPU.Build.0 = Release|Any CPU
		{2029B98C-D0CE-40E2-97A9-9826F8B8E33F}.Release|ARM.ActiveCfg = Release|Any CPU
		{2029B98C-D0CE-40E2-97A9-9826F8B8E33F}.Release|ARM.Build.0 = Release|Any CPU
		{2029B98C-D0CE-40E2-97A9-9826F8B8E33F}.Release|iPhone.ActiveCfg = Release|Any CPU
		{2029B98C-D0CE-40E2-97A9-9826F8B8E33F}.Release|iPhone.Build.0 = Release|Any CPU
		{2029B98C-D0CE-40E2-97A9-9826F8B8E33F}.Release|iPhoneSimulator.ActiveCfg = Release|Any CPU
		{2029B98C-D0CE-40E2-97A9-9826F8B8E33F}.Release|iPhoneSimulator.Build.0 = Release|Any CPU
		{2029B98C-D0CE-40E2-97A9-9826F8B8E33F}.Release|x64.ActiveCfg = Release|Any CPU
		{2029B98C-D0CE-40E2-97A9-9826F8B8E33F}.Release|x64.Build.0 = Release|Any CPU
		{2029B98C-D0CE-40E2-97A9-9826F8B8E33F}.Release|x86.ActiveCfg = Release|Any CPU
		{2029B98C-D0CE-40E2-97A9-9826F8B8E33F}.Release|x86.Build.0 = Release|Any CPU
	EndGlobalSection
	GlobalSection(SolutionProperties) = preSolution
		HideSolutionNode = FALSE
	EndGlobalSection
	GlobalSection(NestedProjects) = preSolution
		{8EDF4429-251A-416D-BB68-93F227191BCF} = {BAF8C038-7CBF-4B02-BFEC-62FC70ACCA58}
		{4BB82737-94D8-4DDF-AFE9-6529E13F9C06} = {BAF8C038-7CBF-4B02-BFEC-62FC70ACCA58}
		{3F2FDA19-FF86-4DAA-9BE0-1A5027D29AD7} = {BAF8C038-7CBF-4B02-BFEC-62FC70ACCA58}
		{D2CED8F0-7A76-454D-B5F7-9E8B9FE6A58E} = {4BB82737-94D8-4DDF-AFE9-6529E13F9C06}
		{AD7B78B0-AE51-4FB7-9B11-4E22A2B538CA} = {4BB82737-94D8-4DDF-AFE9-6529E13F9C06}
		{D679DB2A-6F09-4161-B3CC-A7C153A2302A} = {3F2FDA19-FF86-4DAA-9BE0-1A5027D29AD7}
		{FEF9315B-C134-4B2D-BA73-6F7EC06E54BC} = {3F2FDA19-FF86-4DAA-9BE0-1A5027D29AD7}
		{60BE541D-2DF8-4DCD-8C84-2D8ED1E1AEC7} = {86003648-A38F-4406-B897-14004042C641}
		{DE0D253C-4840-4B5D-BC6A-BF77A4C5A31E} = {0C38BE82-8A30-4DB0-9D94-E96A069A6174}
		{4598D4C6-B14D-4BC7-8D19-EE3CD6D83ECF} = {0C38BE82-8A30-4DB0-9D94-E96A069A6174}
		{BFF54B39-3F5B-4D61-96CB-966EB47F862E} = {0C38BE82-8A30-4DB0-9D94-E96A069A6174}
		{680D8FD8-2CD3-43FB-A656-A293D52D237D} = {0C38BE82-8A30-4DB0-9D94-E96A069A6174}
		{19909CEB-CD42-4FB8-8CD8-1FF70A938533} = {ABAC0B43-8EB6-4017-A302-F7B7115888D6}
		{B866DAB3-F1FE-4CB3-9ACC-DE4FBB866CF9} = {ABAC0B43-8EB6-4017-A302-F7B7115888D6}
		{EE2C329D-7454-433D-94B5-A7A40FED83BD} = {19909CEB-CD42-4FB8-8CD8-1FF70A938533}
		{3F8E9301-E27F-4E58-AA15-8B5329339C2E} = {19909CEB-CD42-4FB8-8CD8-1FF70A938533}
		{5277ED54-2561-4A12-9B12-3EB2A7C26E41} = {19909CEB-CD42-4FB8-8CD8-1FF70A938533}
		{6956A6C4-C357-4955-8949-9DEFD3A6496B} = {19909CEB-CD42-4FB8-8CD8-1FF70A938533}
		{43C7A016-7616-407E-92BA-662E2CDE505C} = {B866DAB3-F1FE-4CB3-9ACC-DE4FBB866CF9}
		{65BA3B71-D62D-4D05-B29A-7B8981A2AEF0} = {B866DAB3-F1FE-4CB3-9ACC-DE4FBB866CF9}
		{2029B98C-D0CE-40E2-97A9-9826F8B8E33F} = {B866DAB3-F1FE-4CB3-9ACC-DE4FBB866CF9}
	EndGlobalSection
EndGlobal
